// !$*UTF8*$!
{
	archiveVersion = 1;
	classes = {
	};
	objectVersion = 55;
	objects = {

/* Begin PBXBuildFile section */
		37C71976C935813CE712F5EC /* TabItem.swift in Sources */ = {isa = PBXBuildFile; fileRef = 37C715763F3521CCCF09C230 /* TabItem.swift */; };
		95084A8B29324AF200D8EC96 /* ProjectEditor.swift in Sources */ = {isa = PBXBuildFile; fileRef = 95084A8A29324AF200D8EC96 /* ProjectEditor.swift */; };
		951367102909C9CE00FD7C78 /* RegisterBubble.swift in Sources */ = {isa = PBXBuildFile; fileRef = 9513670F2909C9CE00FD7C78 /* RegisterBubble.swift */; };
		951367132909D5B000FD7C78 /* Blur.swift in Sources */ = {isa = PBXBuildFile; fileRef = 951367122909D5B000FD7C78 /* Blur.swift */; };
		9515509E2958CE7400A23D1D /* ChatCachedImageView.swift in Sources */ = {isa = PBXBuildFile; fileRef = 9515509D2958CE7400A23D1D /* ChatCachedImageView.swift */; };
		95170552290AD634008C137F /* githubLogoWhite.json in Resources */ = {isa = PBXBuildFile; fileRef = 95170551290AD634008C137F /* githubLogoWhite.json */; };
		95170554290AEC3F008C137F /* RobotoMono-Medium.ttf in Resources */ = {isa = PBXBuildFile; fileRef = 95170553290AEC3F008C137F /* RobotoMono-Medium.ttf */; };
		95170556290AEEE2008C137F /* RobotoMono-Bold.ttf in Resources */ = {isa = PBXBuildFile; fileRef = 95170555290AEEE2008C137F /* RobotoMono-Bold.ttf */; };
		9519B05229087DBA00504B03 /* AuthentificationState.swift in Sources */ = {isa = PBXBuildFile; fileRef = 9519B05129087DBA00504B03 /* AuthentificationState.swift */; };
		9519B05529087E1800504B03 /* LoginOption.swift in Sources */ = {isa = PBXBuildFile; fileRef = 9519B05429087E1800504B03 /* LoginOption.swift */; };
		951CC6DE2924191E00096222 /* ContinueBubble.swift in Sources */ = {isa = PBXBuildFile; fileRef = 951CC6DD2924191E00096222 /* ContinueBubble.swift */; };
		951CC6E029241B4300096222 /* DataEditorInputBubble.swift in Sources */ = {isa = PBXBuildFile; fileRef = 951CC6DF29241B4300096222 /* DataEditorInputBubble.swift */; };
		951DBBED291034B700FAB2E3 /* ProfileSheet.swift in Sources */ = {isa = PBXBuildFile; fileRef = 951DBBEC291034B700FAB2E3 /* ProfileSheet.swift */; };
		951DBBF22910394C00FAB2E3 /* BottomSheetPositions.swift in Sources */ = {isa = PBXBuildFile; fileRef = 951DBBF12910394C00FAB2E3 /* BottomSheetPositions.swift */; };
		951DBBF42910431700FAB2E3 /* PLanguages.swift in Sources */ = {isa = PBXBuildFile; fileRef = 951DBBF32910431700FAB2E3 /* PLanguages.swift */; };
		951DBBF929104A1400FAB2E3 /* RobotoMono-Light.ttf in Resources */ = {isa = PBXBuildFile; fileRef = 951DBBF829104A1400FAB2E3 /* RobotoMono-Light.ttf */; };
		951DBBFB2910611500FAB2E3 /* RobotoMono-SemiBold.ttf in Resources */ = {isa = PBXBuildFile; fileRef = 951DBBFA2910611500FAB2E3 /* RobotoMono-SemiBold.ttf */; };
		951DC337295D9FAF008010E2 /* MessageBubble.swift in Sources */ = {isa = PBXBuildFile; fileRef = 951DC336295D9FAF008010E2 /* MessageBubble.swift */; };
		951DC339295DBD4C008010E2 /* BubblePathForm.swift in Sources */ = {isa = PBXBuildFile; fileRef = 951DC338295DBD4C008010E2 /* BubblePathForm.swift */; };
		95208ECC2957333B0083F85D /* ChatCell.swift in Sources */ = {isa = PBXBuildFile; fileRef = 95208ECB2957333B0083F85D /* ChatCell.swift */; };
		95208ECE295734960083F85D /* Chat.swift in Sources */ = {isa = PBXBuildFile; fileRef = 95208ECD295734960083F85D /* Chat.swift */; };
		95255C97294393550050EB22 /* ViewOffsetKey.swift in Sources */ = {isa = PBXBuildFile; fileRef = 95255C96294393550050EB22 /* ViewOffsetKey.swift */; };
		9526C79F29143FA90005C285 /* FSManager.swift in Sources */ = {isa = PBXBuildFile; fileRef = 9526C79E29143FA90005C285 /* FSManager.swift */; };
		9526C7A2291441E60005C285 /* DataEditor.swift in Sources */ = {isa = PBXBuildFile; fileRef = 9526C7A1291441E60005C285 /* DataEditor.swift */; };
		952BCF71290949D50046FB02 /* AuthentificationType.swift in Sources */ = {isa = PBXBuildFile; fileRef = 952BCF70290949D50046FB02 /* AuthentificationType.swift */; };
		952BCF7329094A820046FB02 /* Extensions.swift in Sources */ = {isa = PBXBuildFile; fileRef = 952BCF7229094A820046FB02 /* Extensions.swift */; };
		952BCF7529095A7D0046FB02 /* SecuredDataBubble.swift in Sources */ = {isa = PBXBuildFile; fileRef = 952BCF7429095A7D0046FB02 /* SecuredDataBubble.swift */; };
		952BCF79290968380046FB02 /* LoginBubble.swift in Sources */ = {isa = PBXBuildFile; fileRef = 952BCF78290968380046FB02 /* LoginBubble.swift */; };
		952BCF7B2909750F0046FB02 /* GitHubLoginButton.swift in Sources */ = {isa = PBXBuildFile; fileRef = 952BCF7A2909750F0046FB02 /* GitHubLoginButton.swift */; };
		952BCF84290981DA0046FB02 /* githubLogo.json in Resources */ = {isa = PBXBuildFile; fileRef = 952BCF83290981DA0046FB02 /* githubLogo.json */; };
		952BCF86290981EA0046FB02 /* dragToGithub.json in Resources */ = {isa = PBXBuildFile; fileRef = 952BCF85290981EA0046FB02 /* dragToGithub.json */; };
		952BCF88290981F90046FB02 /* macOnMatrix.json in Resources */ = {isa = PBXBuildFile; fileRef = 952BCF87290981F90046FB02 /* macOnMatrix.json */; };
		952BCF8A290982CF0046FB02 /* LottieView.swift in Sources */ = {isa = PBXBuildFile; fileRef = 952BCF89290982CF0046FB02 /* LottieView.swift */; };
		952BCF8C290989B00046FB02 /* progress.json in Resources */ = {isa = PBXBuildFile; fileRef = 952BCF8B290989B00046FB02 /* progress.json */; };
		953AEBFF294A30D600170772 /* PostView.swift in Sources */ = {isa = PBXBuildFile; fileRef = 953AEBFE294A30D600170772 /* PostView.swift */; };
		953E5F392950FA64006810CC /* ImageSaver.swift in Sources */ = {isa = PBXBuildFile; fileRef = 953E5F382950FA64006810CC /* ImageSaver.swift */; };
		95421D092911914000980E52 /* ProjectCell.swift in Sources */ = {isa = PBXBuildFile; fileRef = 95421D082911914000980E52 /* ProjectCell.swift */; };
		95450D6C295BABC500B64C65 /* Lottie in Frameworks */ = {isa = PBXBuildFile; productRef = 95450D6B295BABC500B64C65 /* Lottie */; };
		95450D75295BAC7200B64C65 /* FirebaseAnalytics in Frameworks */ = {isa = PBXBuildFile; productRef = 95450D74295BAC7200B64C65 /* FirebaseAnalytics */; };
		95450D77295BAC7200B64C65 /* FirebaseAuth in Frameworks */ = {isa = PBXBuildFile; productRef = 95450D76295BAC7200B64C65 /* FirebaseAuth */; };
		95450D79295BAC7200B64C65 /* FirebaseAuthCombine-Community in Frameworks */ = {isa = PBXBuildFile; productRef = 95450D78295BAC7200B64C65 /* FirebaseAuthCombine-Community */; };
		95450D7B295BAC7200B64C65 /* FirebaseDatabase in Frameworks */ = {isa = PBXBuildFile; productRef = 95450D7A295BAC7200B64C65 /* FirebaseDatabase */; };
		95450D7D295BAC7200B64C65 /* FirebaseDatabaseSwift in Frameworks */ = {isa = PBXBuildFile; productRef = 95450D7C295BAC7200B64C65 /* FirebaseDatabaseSwift */; };
		95450D7F295BAC7200B64C65 /* FirebaseFirestore in Frameworks */ = {isa = PBXBuildFile; productRef = 95450D7E295BAC7200B64C65 /* FirebaseFirestore */; };
		95450D81295BAC7200B64C65 /* FirebaseFirestoreCombine-Community in Frameworks */ = {isa = PBXBuildFile; productRef = 95450D80295BAC7200B64C65 /* FirebaseFirestoreCombine-Community */; };
		95450D83295BAC7200B64C65 /* FirebaseFirestoreSwift in Frameworks */ = {isa = PBXBuildFile; productRef = 95450D82295BAC7200B64C65 /* FirebaseFirestoreSwift */; };
		95450D85295BAC7200B64C65 /* FirebaseStorage in Frameworks */ = {isa = PBXBuildFile; productRef = 95450D84295BAC7200B64C65 /* FirebaseStorage */; };
		95450D87295BAC7200B64C65 /* FirebaseStorageCombine-Community in Frameworks */ = {isa = PBXBuildFile; productRef = 95450D86295BAC7200B64C65 /* FirebaseStorageCombine-Community */; };
		9545E4142924ADCD009579BA /* ChooseLanguageButton.swift in Sources */ = {isa = PBXBuildFile; fileRef = 9545E4132924ADCD009579BA /* ChooseLanguageButton.swift */; };
		9545E4162924B158009579BA /* LanguagePicker.swift in Sources */ = {isa = PBXBuildFile; fileRef = 9545E4152924B158009579BA /* LanguagePicker.swift */; };
		954ADF45291FBF32001300EA /* AvatarImageView.swift in Sources */ = {isa = PBXBuildFile; fileRef = 954ADF44291FBF32001300EA /* AvatarImageView.swift */; };
		954ADF47291FBFFF001300EA /* CachedImageModel.swift in Sources */ = {isa = PBXBuildFile; fileRef = 954ADF46291FBFFF001300EA /* CachedImageModel.swift */; };
		954ADF49291FC237001300EA /* ImageCache.swift in Sources */ = {isa = PBXBuildFile; fileRef = 954ADF48291FC237001300EA /* ImageCache.swift */; };
		95680B952951C19300DFD85A /* PostRedactor.swift in Sources */ = {isa = PBXBuildFile; fileRef = 95680B942951C19300DFD85A /* PostRedactor.swift */; };
		956EEC4E29464865006C7895 /* PostCreator.swift in Sources */ = {isa = PBXBuildFile; fileRef = 956EEC4D29464865006C7895 /* PostCreator.swift */; };
		956EEC5029464A03006C7895 /* PostEditor.swift in Sources */ = {isa = PBXBuildFile; fileRef = 956EEC4F29464A03006C7895 /* PostEditor.swift */; };
		957B9B5229520CBE00BFA814 /* AppConfiguration.swift in Sources */ = {isa = PBXBuildFile; fileRef = 957B9B5129520CBE00BFA814 /* AppConfiguration.swift */; };
		95810E84295CD4C400FA4D84 /* Cachy in Frameworks */ = {isa = PBXBuildFile; productRef = 95810E83295CD4C400FA4D84 /* Cachy */; };
		95810E87295CD55000FA4D84 /* BottomSheet in Frameworks */ = {isa = PBXBuildFile; productRef = 95810E86295CD55000FA4D84 /* BottomSheet */; };
		95810E89295CED9700FA4D84 /* ChatMessageTyper.swift in Sources */ = {isa = PBXBuildFile; fileRef = 95810E88295CED9700FA4D84 /* ChatMessageTyper.swift */; };
		9595C45F2908343C004726AD /* CodaApp.swift in Sources */ = {isa = PBXBuildFile; fileRef = 9595C45E2908343C004726AD /* CodaApp.swift */; };
		9595C4612908343C004726AD /* ContentView.swift in Sources */ = {isa = PBXBuildFile; fileRef = 9595C4602908343C004726AD /* ContentView.swift */; };
		9595C4632908343D004726AD /* Assets.xcassets in Resources */ = {isa = PBXBuildFile; fileRef = 9595C4622908343D004726AD /* Assets.xcassets */; };
		9595C4662908343D004726AD /* Preview Assets.xcassets in Resources */ = {isa = PBXBuildFile; fileRef = 9595C4652908343D004726AD /* Preview Assets.xcassets */; };
		9595C477290834EB004726AD /* DataBubble.swift in Sources */ = {isa = PBXBuildFile; fileRef = 9595C476290834EB004726AD /* DataBubble.swift */; };
		9595C47929083505004726AD /* InputSheet.swift in Sources */ = {isa = PBXBuildFile; fileRef = 9595C47829083505004726AD /* InputSheet.swift */; };
		9595C47B29083529004726AD /* RegistrationPageMain.swift in Sources */ = {isa = PBXBuildFile; fileRef = 9595C47A29083529004726AD /* RegistrationPageMain.swift */; };
		9595C47D290838C0004726AD /* GoogleService-Info.plist in Resources */ = {isa = PBXBuildFile; fileRef = 9595C47C290838C0004726AD /* GoogleService-Info.plist */; };
		95AA82782919A4AD00B7975C /* ImagePicker.swift in Sources */ = {isa = PBXBuildFile; fileRef = 95AA82772919A4AD00B7975C /* ImagePicker.swift */; };
		95AA827A2919B21600B7975C /* ImageCropper.swift in Sources */ = {isa = PBXBuildFile; fileRef = 95AA82792919B21600B7975C /* ImageCropper.swift */; };
		95C472382928F9690084C60A /* ProfileSettingsMain.swift in Sources */ = {isa = PBXBuildFile; fileRef = 95C472372928F9690084C60A /* ProfileSettingsMain.swift */; };
		95C4723A2928FAB40084C60A /* ProfileActionCell.swift in Sources */ = {isa = PBXBuildFile; fileRef = 95C472392928FAB40084C60A /* ProfileActionCell.swift */; };
		95C4723C2928FE8B0084C60A /* MoreInfoSheet.swift in Sources */ = {isa = PBXBuildFile; fileRef = 95C4723B2928FE8B0084C60A /* MoreInfoSheet.swift */; };
		95D814D1297C6DBC00BBAE02 /* MultilineTextField in Frameworks */ = {isa = PBXBuildFile; productRef = 95D814D0297C6DBC00BBAE02 /* MultilineTextField */; };
		95DB57E12931F96D00B7E7A8 /* UOProject.swift in Sources */ = {isa = PBXBuildFile; fileRef = 95DB57E02931F96D00B7E7A8 /* UOProject.swift */; };
		95E5EC94297DD17E00C82946 /* SourcesViewModel.swift in Sources */ = {isa = PBXBuildFile; fileRef = 95E5EC92297DD17E00C82946 /* SourcesViewModel.swift */; };
		95E5EC95297DD17E00C82946 /* ArticlesViewModel.swift in Sources */ = {isa = PBXBuildFile; fileRef = 95E5EC93297DD17E00C82946 /* ArticlesViewModel.swift */; };
		95E5EC9B297DD19700C82946 /* NewsError.swift in Sources */ = {isa = PBXBuildFile; fileRef = 95E5EC97297DD19700C82946 /* NewsError.swift */; };
		95E5EC9C297DD19700C82946 /* NewsImageLoader+Cacher.swift in Sources */ = {isa = PBXBuildFile; fileRef = 95E5EC98297DD19700C82946 /* NewsImageLoader+Cacher.swift */; };
		95E5EC9D297DD19700C82946 /* Articles.swift in Sources */ = {isa = PBXBuildFile; fileRef = 95E5EC99297DD19700C82946 /* Articles.swift */; };
		95E5EC9E297DD19700C82946 /* NewsAPI.swift in Sources */ = {isa = PBXBuildFile; fileRef = 95E5EC9A297DD19700C82946 /* NewsAPI.swift */; };
		95E5ECA5297DDFE600C82946 /* ArticlePostView.swift in Sources */ = {isa = PBXBuildFile; fileRef = 95E5ECA3297DDFE600C82946 /* ArticlePostView.swift */; };
		95E5ECA6297DDFE600C82946 /* ArticleImageAsync.swift in Sources */ = {isa = PBXBuildFile; fileRef = 95E5ECA4297DDFE600C82946 /* ArticleImageAsync.swift */; };
		95E5ECA9297DE01000C82946 /* NewsViewMain.swift in Sources */ = {isa = PBXBuildFile; fileRef = 95E5ECA8297DE01000C82946 /* NewsViewMain.swift */; };
		95E5ECAB297DE2B100C82946 /* SafariView.swift in Sources */ = {isa = PBXBuildFile; fileRef = 95E5ECAA297DE2B100C82946 /* SafariView.swift */; };
		95F0FD8D295375E100648213 /* Vibro.swift in Sources */ = {isa = PBXBuildFile; fileRef = 95F0FD8C295375E100648213 /* Vibro.swift */; };
		95F1CD33290EDC61000A3080 /* AppView.swift in Sources */ = {isa = PBXBuildFile; fileRef = 95F1CD32290EDC61000A3080 /* AppView.swift */; };
		95F1CD36290EDC8D000A3080 /* CodaTabBar.swift in Sources */ = {isa = PBXBuildFile; fileRef = 95F1CD35290EDC8D000A3080 /* CodaTabBar.swift */; };
		95F1CD38290EDCFA000A3080 /* Tab.swift in Sources */ = {isa = PBXBuildFile; fileRef = 95F1CD37290EDCFA000A3080 /* Tab.swift */; };
		95F1CD3A290EE573000A3080 /* ProfileView.swift in Sources */ = {isa = PBXBuildFile; fileRef = 95F1CD39290EE573000A3080 /* ProfileView.swift */; };
		95F1CD3C290EE57B000A3080 /* ChatsTableView.swift in Sources */ = {isa = PBXBuildFile; fileRef = 95F1CD3B290EE57B000A3080 /* ChatsTableView.swift */; };
		95F1CD3E290EE586000A3080 /* ExploreView.swift in Sources */ = {isa = PBXBuildFile; fileRef = 95F1CD3D290EE586000A3080 /* ExploreView.swift */; };
		95F1CD40290EE58F000A3080 /* HomeView.swift in Sources */ = {isa = PBXBuildFile; fileRef = 95F1CD3F290EE58F000A3080 /* HomeView.swift */; };
		95F5A740296453B1009639FE /* Introspect in Frameworks */ = {isa = PBXBuildFile; productRef = 95F5A73F296453B1009639FE /* Introspect */; };
		95F5CA47297B3CFC00532957 /* Kingfisher in Frameworks */ = {isa = PBXBuildFile; productRef = 95F5CA46297B3CFC00532957 /* Kingfisher */; };
/* End PBXBuildFile section */

/* Begin PBXFileReference section */
		37C715763F3521CCCF09C230 /* TabItem.swift */ = {isa = PBXFileReference; fileEncoding = 4; lastKnownFileType = sourcecode.swift; path = TabItem.swift; sourceTree = "<group>"; };
		95084A8A29324AF200D8EC96 /* ProjectEditor.swift */ = {isa = PBXFileReference; lastKnownFileType = sourcecode.swift; path = ProjectEditor.swift; sourceTree = "<group>"; };
		9513670F2909C9CE00FD7C78 /* RegisterBubble.swift */ = {isa = PBXFileReference; lastKnownFileType = sourcecode.swift; path = RegisterBubble.swift; sourceTree = "<group>"; };
		951367122909D5B000FD7C78 /* Blur.swift */ = {isa = PBXFileReference; lastKnownFileType = sourcecode.swift; path = Blur.swift; sourceTree = "<group>"; };
		9515509D2958CE7400A23D1D /* ChatCachedImageView.swift */ = {isa = PBXFileReference; lastKnownFileType = sourcecode.swift; path = ChatCachedImageView.swift; sourceTree = "<group>"; };
		95170551290AD634008C137F /* githubLogoWhite.json */ = {isa = PBXFileReference; fileEncoding = 4; lastKnownFileType = text.json; path = githubLogoWhite.json; sourceTree = "<group>"; };
		95170553290AEC3F008C137F /* RobotoMono-Medium.ttf */ = {isa = PBXFileReference; lastKnownFileType = file; path = "RobotoMono-Medium.ttf"; sourceTree = "<group>"; };
		95170555290AEEE2008C137F /* RobotoMono-Bold.ttf */ = {isa = PBXFileReference; lastKnownFileType = file; path = "RobotoMono-Bold.ttf"; sourceTree = "<group>"; };
		9519B05129087DBA00504B03 /* AuthentificationState.swift */ = {isa = PBXFileReference; lastKnownFileType = sourcecode.swift; path = AuthentificationState.swift; sourceTree = "<group>"; };
		9519B05429087E1800504B03 /* LoginOption.swift */ = {isa = PBXFileReference; lastKnownFileType = sourcecode.swift; path = LoginOption.swift; sourceTree = "<group>"; };
		951CC6DD2924191E00096222 /* ContinueBubble.swift */ = {isa = PBXFileReference; lastKnownFileType = sourcecode.swift; path = ContinueBubble.swift; sourceTree = "<group>"; };
		951CC6DF29241B4300096222 /* DataEditorInputBubble.swift */ = {isa = PBXFileReference; lastKnownFileType = sourcecode.swift; path = DataEditorInputBubble.swift; sourceTree = "<group>"; };
		951DBBEC291034B700FAB2E3 /* ProfileSheet.swift */ = {isa = PBXFileReference; lastKnownFileType = sourcecode.swift; path = ProfileSheet.swift; sourceTree = "<group>"; };
		951DBBF12910394C00FAB2E3 /* BottomSheetPositions.swift */ = {isa = PBXFileReference; lastKnownFileType = sourcecode.swift; path = BottomSheetPositions.swift; sourceTree = "<group>"; };
		951DBBF32910431700FAB2E3 /* PLanguages.swift */ = {isa = PBXFileReference; lastKnownFileType = sourcecode.swift; path = PLanguages.swift; sourceTree = "<group>"; };
		951DBBF829104A1400FAB2E3 /* RobotoMono-Light.ttf */ = {isa = PBXFileReference; lastKnownFileType = file; path = "RobotoMono-Light.ttf"; sourceTree = "<group>"; };
		951DBBFA2910611500FAB2E3 /* RobotoMono-SemiBold.ttf */ = {isa = PBXFileReference; lastKnownFileType = file; path = "RobotoMono-SemiBold.ttf"; sourceTree = "<group>"; };
		951DC336295D9FAF008010E2 /* MessageBubble.swift */ = {isa = PBXFileReference; lastKnownFileType = sourcecode.swift; path = MessageBubble.swift; sourceTree = "<group>"; };
		951DC338295DBD4C008010E2 /* BubblePathForm.swift */ = {isa = PBXFileReference; lastKnownFileType = sourcecode.swift; path = BubblePathForm.swift; sourceTree = "<group>"; };
		95208ECB2957333B0083F85D /* ChatCell.swift */ = {isa = PBXFileReference; lastKnownFileType = sourcecode.swift; path = ChatCell.swift; sourceTree = "<group>"; };
		95208ECD295734960083F85D /* Chat.swift */ = {isa = PBXFileReference; lastKnownFileType = sourcecode.swift; path = Chat.swift; sourceTree = "<group>"; };
		95255C96294393550050EB22 /* ViewOffsetKey.swift */ = {isa = PBXFileReference; lastKnownFileType = sourcecode.swift; path = ViewOffsetKey.swift; sourceTree = "<group>"; };
		9526C79E29143FA90005C285 /* FSManager.swift */ = {isa = PBXFileReference; lastKnownFileType = sourcecode.swift; path = FSManager.swift; sourceTree = "<group>"; };
		9526C7A1291441E60005C285 /* DataEditor.swift */ = {isa = PBXFileReference; lastKnownFileType = sourcecode.swift; path = DataEditor.swift; sourceTree = "<group>"; };
		952BCF70290949D50046FB02 /* AuthentificationType.swift */ = {isa = PBXFileReference; lastKnownFileType = sourcecode.swift; path = AuthentificationType.swift; sourceTree = "<group>"; };
		952BCF7229094A820046FB02 /* Extensions.swift */ = {isa = PBXFileReference; lastKnownFileType = sourcecode.swift; path = Extensions.swift; sourceTree = "<group>"; };
		952BCF7429095A7D0046FB02 /* SecuredDataBubble.swift */ = {isa = PBXFileReference; lastKnownFileType = sourcecode.swift; path = SecuredDataBubble.swift; sourceTree = "<group>"; };
		952BCF78290968380046FB02 /* LoginBubble.swift */ = {isa = PBXFileReference; lastKnownFileType = sourcecode.swift; path = LoginBubble.swift; sourceTree = "<group>"; };
		952BCF7A2909750F0046FB02 /* GitHubLoginButton.swift */ = {isa = PBXFileReference; lastKnownFileType = sourcecode.swift; path = GitHubLoginButton.swift; sourceTree = "<group>"; };
		952BCF7C290976DA0046FB02 /* Info.plist */ = {isa = PBXFileReference; lastKnownFileType = text.plist.xml; path = Info.plist; sourceTree = "<group>"; };
		952BCF83290981DA0046FB02 /* githubLogo.json */ = {isa = PBXFileReference; fileEncoding = 4; lastKnownFileType = text.json; path = githubLogo.json; sourceTree = "<group>"; };
		952BCF85290981EA0046FB02 /* dragToGithub.json */ = {isa = PBXFileReference; fileEncoding = 4; lastKnownFileType = text.json; path = dragToGithub.json; sourceTree = "<group>"; };
		952BCF87290981F90046FB02 /* macOnMatrix.json */ = {isa = PBXFileReference; fileEncoding = 4; lastKnownFileType = text.json; path = macOnMatrix.json; sourceTree = "<group>"; };
		952BCF89290982CF0046FB02 /* LottieView.swift */ = {isa = PBXFileReference; lastKnownFileType = sourcecode.swift; path = LottieView.swift; sourceTree = "<group>"; };
		952BCF8B290989B00046FB02 /* progress.json */ = {isa = PBXFileReference; fileEncoding = 4; lastKnownFileType = text.json; path = progress.json; sourceTree = "<group>"; };
		953AEBFE294A30D600170772 /* PostView.swift */ = {isa = PBXFileReference; lastKnownFileType = sourcecode.swift; path = PostView.swift; sourceTree = "<group>"; };
		953E5F382950FA64006810CC /* ImageSaver.swift */ = {isa = PBXFileReference; lastKnownFileType = sourcecode.swift; path = ImageSaver.swift; sourceTree = "<group>"; };
		95421D082911914000980E52 /* ProjectCell.swift */ = {isa = PBXFileReference; lastKnownFileType = sourcecode.swift; path = ProjectCell.swift; sourceTree = "<group>"; };
		9545E4132924ADCD009579BA /* ChooseLanguageButton.swift */ = {isa = PBXFileReference; lastKnownFileType = sourcecode.swift; path = ChooseLanguageButton.swift; sourceTree = "<group>"; };
		9545E4152924B158009579BA /* LanguagePicker.swift */ = {isa = PBXFileReference; lastKnownFileType = sourcecode.swift; path = LanguagePicker.swift; sourceTree = "<group>"; };
		954ADF44291FBF32001300EA /* AvatarImageView.swift */ = {isa = PBXFileReference; lastKnownFileType = sourcecode.swift; path = AvatarImageView.swift; sourceTree = "<group>"; };
		954ADF46291FBFFF001300EA /* CachedImageModel.swift */ = {isa = PBXFileReference; lastKnownFileType = sourcecode.swift; path = CachedImageModel.swift; sourceTree = "<group>"; };
		954ADF48291FC237001300EA /* ImageCache.swift */ = {isa = PBXFileReference; lastKnownFileType = sourcecode.swift; path = ImageCache.swift; sourceTree = "<group>"; };
		95680B942951C19300DFD85A /* PostRedactor.swift */ = {isa = PBXFileReference; lastKnownFileType = sourcecode.swift; path = PostRedactor.swift; sourceTree = "<group>"; };
		956EEC4D29464865006C7895 /* PostCreator.swift */ = {isa = PBXFileReference; fileEncoding = 4; lastKnownFileType = sourcecode.swift; path = PostCreator.swift; sourceTree = "<group>"; };
		956EEC4F29464A03006C7895 /* PostEditor.swift */ = {isa = PBXFileReference; lastKnownFileType = sourcecode.swift; path = PostEditor.swift; sourceTree = "<group>"; };
		957B9B5129520CBE00BFA814 /* AppConfiguration.swift */ = {isa = PBXFileReference; lastKnownFileType = sourcecode.swift; path = AppConfiguration.swift; sourceTree = "<group>"; };
		95810E88295CED9700FA4D84 /* ChatMessageTyper.swift */ = {isa = PBXFileReference; lastKnownFileType = sourcecode.swift; path = ChatMessageTyper.swift; sourceTree = "<group>"; };
		9595C45B2908343C004726AD /* Coda.app */ = {isa = PBXFileReference; explicitFileType = wrapper.application; includeInIndex = 0; path = Coda.app; sourceTree = BUILT_PRODUCTS_DIR; };
		9595C45E2908343C004726AD /* CodaApp.swift */ = {isa = PBXFileReference; lastKnownFileType = sourcecode.swift; path = CodaApp.swift; sourceTree = "<group>"; };
		9595C4602908343C004726AD /* ContentView.swift */ = {isa = PBXFileReference; lastKnownFileType = sourcecode.swift; path = ContentView.swift; sourceTree = "<group>"; };
		9595C4622908343D004726AD /* Assets.xcassets */ = {isa = PBXFileReference; lastKnownFileType = folder.assetcatalog; path = Assets.xcassets; sourceTree = "<group>"; };
		9595C4652908343D004726AD /* Preview Assets.xcassets */ = {isa = PBXFileReference; lastKnownFileType = folder.assetcatalog; path = "Preview Assets.xcassets"; sourceTree = "<group>"; };
		9595C476290834EB004726AD /* DataBubble.swift */ = {isa = PBXFileReference; lastKnownFileType = sourcecode.swift; path = DataBubble.swift; sourceTree = "<group>"; };
		9595C47829083505004726AD /* InputSheet.swift */ = {isa = PBXFileReference; lastKnownFileType = sourcecode.swift; path = InputSheet.swift; sourceTree = "<group>"; };
		9595C47A29083529004726AD /* RegistrationPageMain.swift */ = {isa = PBXFileReference; lastKnownFileType = sourcecode.swift; path = RegistrationPageMain.swift; sourceTree = "<group>"; };
		9595C47C290838C0004726AD /* GoogleService-Info.plist */ = {isa = PBXFileReference; fileEncoding = 4; lastKnownFileType = text.plist.xml; path = "GoogleService-Info.plist"; sourceTree = "<group>"; };
		95AA82772919A4AD00B7975C /* ImagePicker.swift */ = {isa = PBXFileReference; lastKnownFileType = sourcecode.swift; path = ImagePicker.swift; sourceTree = "<group>"; };
		95AA82792919B21600B7975C /* ImageCropper.swift */ = {isa = PBXFileReference; lastKnownFileType = sourcecode.swift; path = ImageCropper.swift; sourceTree = "<group>"; };
		95C472372928F9690084C60A /* ProfileSettingsMain.swift */ = {isa = PBXFileReference; lastKnownFileType = sourcecode.swift; path = ProfileSettingsMain.swift; sourceTree = "<group>"; };
		95C472392928FAB40084C60A /* ProfileActionCell.swift */ = {isa = PBXFileReference; lastKnownFileType = sourcecode.swift; path = ProfileActionCell.swift; sourceTree = "<group>"; };
		95C4723B2928FE8B0084C60A /* MoreInfoSheet.swift */ = {isa = PBXFileReference; lastKnownFileType = sourcecode.swift; path = MoreInfoSheet.swift; sourceTree = "<group>"; };
		95DB57E02931F96D00B7E7A8 /* UOProject.swift */ = {isa = PBXFileReference; lastKnownFileType = sourcecode.swift; path = UOProject.swift; sourceTree = "<group>"; };
		95E5EC92297DD17E00C82946 /* SourcesViewModel.swift */ = {isa = PBXFileReference; fileEncoding = 4; lastKnownFileType = sourcecode.swift; path = SourcesViewModel.swift; sourceTree = "<group>"; };
		95E5EC93297DD17E00C82946 /* ArticlesViewModel.swift */ = {isa = PBXFileReference; fileEncoding = 4; lastKnownFileType = sourcecode.swift; path = ArticlesViewModel.swift; sourceTree = "<group>"; };
		95E5EC97297DD19700C82946 /* NewsError.swift */ = {isa = PBXFileReference; fileEncoding = 4; lastKnownFileType = sourcecode.swift; path = NewsError.swift; sourceTree = "<group>"; };
		95E5EC98297DD19700C82946 /* NewsImageLoader+Cacher.swift */ = {isa = PBXFileReference; fileEncoding = 4; lastKnownFileType = sourcecode.swift; path = "NewsImageLoader+Cacher.swift"; sourceTree = "<group>"; };
		95E5EC99297DD19700C82946 /* Articles.swift */ = {isa = PBXFileReference; fileEncoding = 4; lastKnownFileType = sourcecode.swift; path = Articles.swift; sourceTree = "<group>"; };
		95E5EC9A297DD19700C82946 /* NewsAPI.swift */ = {isa = PBXFileReference; fileEncoding = 4; lastKnownFileType = sourcecode.swift; path = NewsAPI.swift; sourceTree = "<group>"; };
		95E5ECA3297DDFE600C82946 /* ArticlePostView.swift */ = {isa = PBXFileReference; fileEncoding = 4; lastKnownFileType = sourcecode.swift; path = ArticlePostView.swift; sourceTree = "<group>"; };
		95E5ECA4297DDFE600C82946 /* ArticleImageAsync.swift */ = {isa = PBXFileReference; fileEncoding = 4; lastKnownFileType = sourcecode.swift; path = ArticleImageAsync.swift; sourceTree = "<group>"; };
		95E5ECA8297DE01000C82946 /* NewsViewMain.swift */ = {isa = PBXFileReference; lastKnownFileType = sourcecode.swift; path = NewsViewMain.swift; sourceTree = "<group>"; };
		95E5ECAA297DE2B100C82946 /* SafariView.swift */ = {isa = PBXFileReference; lastKnownFileType = sourcecode.swift; path = SafariView.swift; sourceTree = "<group>"; };
		95F0FD8C295375E100648213 /* Vibro.swift */ = {isa = PBXFileReference; lastKnownFileType = sourcecode.swift; path = Vibro.swift; sourceTree = "<group>"; };
		95F1CD32290EDC61000A3080 /* AppView.swift */ = {isa = PBXFileReference; lastKnownFileType = sourcecode.swift; path = AppView.swift; sourceTree = "<group>"; };
		95F1CD35290EDC8D000A3080 /* CodaTabBar.swift */ = {isa = PBXFileReference; lastKnownFileType = sourcecode.swift; path = CodaTabBar.swift; sourceTree = "<group>"; };
		95F1CD37290EDCFA000A3080 /* Tab.swift */ = {isa = PBXFileReference; lastKnownFileType = sourcecode.swift; path = Tab.swift; sourceTree = "<group>"; };
		95F1CD39290EE573000A3080 /* ProfileView.swift */ = {isa = PBXFileReference; lastKnownFileType = sourcecode.swift; path = ProfileView.swift; sourceTree = "<group>"; };
		95F1CD3B290EE57B000A3080 /* ChatsTableView.swift */ = {isa = PBXFileReference; lastKnownFileType = sourcecode.swift; path = ChatsTableView.swift; sourceTree = "<group>"; };
		95F1CD3D290EE586000A3080 /* ExploreView.swift */ = {isa = PBXFileReference; lastKnownFileType = sourcecode.swift; path = ExploreView.swift; sourceTree = "<group>"; };
		95F1CD3F290EE58F000A3080 /* HomeView.swift */ = {isa = PBXFileReference; lastKnownFileType = sourcecode.swift; path = HomeView.swift; sourceTree = "<group>"; };
/* End PBXFileReference section */

/* Begin PBXFrameworksBuildPhase section */
		9595C4582908343C004726AD /* Frameworks */ = {
			isa = PBXFrameworksBuildPhase;
			buildActionMask = 2147483647;
			files = (
				95450D7D295BAC7200B64C65 /* FirebaseDatabaseSwift in Frameworks */,
				95450D6C295BABC500B64C65 /* Lottie in Frameworks */,
				95450D79295BAC7200B64C65 /* FirebaseAuthCombine-Community in Frameworks */,
				95450D87295BAC7200B64C65 /* FirebaseStorageCombine-Community in Frameworks */,
				95450D81295BAC7200B64C65 /* FirebaseFirestoreCombine-Community in Frameworks */,
				95810E84295CD4C400FA4D84 /* Cachy in Frameworks */,
				95450D77295BAC7200B64C65 /* FirebaseAuth in Frameworks */,
				95810E87295CD55000FA4D84 /* BottomSheet in Frameworks */,
				95450D85295BAC7200B64C65 /* FirebaseStorage in Frameworks */,
				95F5CA47297B3CFC00532957 /* Kingfisher in Frameworks */,
				95450D83295BAC7200B64C65 /* FirebaseFirestoreSwift in Frameworks */,
				95450D7F295BAC7200B64C65 /* FirebaseFirestore in Frameworks */,
				95F5A740296453B1009639FE /* Introspect in Frameworks */,
				95450D75295BAC7200B64C65 /* FirebaseAnalytics in Frameworks */,
				95D814D1297C6DBC00BBAE02 /* MultilineTextField in Frameworks */,
				95450D7B295BAC7200B64C65 /* FirebaseDatabase in Frameworks */,
			);
			runOnlyForDeploymentPostprocessing = 0;
		};
/* End PBXFrameworksBuildPhase section */

/* Begin PBXGroup section */
		37C713F9E592C35860CB69E3 /* Profile Page */ = {
			isa = PBXGroup;
			children = (
				95F59ACF2944759200483108 /* Profile post */,
				95FE8736293E3C2B001896F0 /* Profile Main */,
				95C472362928F94B0084C60A /* Profile Settings */,
				95421D082911914000980E52 /* ProjectCell.swift */,
				954ADF44291FBF32001300EA /* AvatarImageView.swift */,
				95C472392928FAB40084C60A /* ProfileActionCell.swift */,
			);
			path = "Profile Page";
			sourceTree = "<group>";
		};
		37C7196612639077BE828FD5 /* Home Page */ = {
			isa = PBXGroup;
			children = (
				95F1CD3F290EE58F000A3080 /* HomeView.swift */,
			);
			path = "Home Page";
			sourceTree = "<group>";
		};
		37C719752794896027422A4B /* Chat Page */ = {
			isa = PBXGroup;
			children = (
				954D9183295A1CB700A22259 /* CorrespondenceView */,
				95208EC8295733080083F85D /* MainView */,
				9515509D2958CE7400A23D1D /* ChatCachedImageView.swift */,
			);
			path = "Chat Page";
			sourceTree = "<group>";
		};
		37C71BAF8FA3D455BEBC909E /* Explore Page */ = {
			isa = PBXGroup;
			children = (
				95F1CD3D290EE586000A3080 /* ExploreView.swift */,
				95E5ECA2297DD42500C82946 /* News */,
			);
			path = "Explore Page";
			sourceTree = "<group>";
		};
		951367112909D59E00FD7C78 /* Components */ = {
			isa = PBXGroup;
			children = (
				951367122909D5B000FD7C78 /* Blur.swift */,
			);
			path = Components;
			sourceTree = "<group>";
		};
		95170550290ACB3E008C137F /* Fonts */ = {
			isa = PBXGroup;
			children = (
				951DBBFA2910611500FAB2E3 /* RobotoMono-SemiBold.ttf */,
				951DBBF829104A1400FAB2E3 /* RobotoMono-Light.ttf */,
				95170553290AEC3F008C137F /* RobotoMono-Medium.ttf */,
				95170555290AEEE2008C137F /* RobotoMono-Bold.ttf */,
			);
			path = Fonts;
			sourceTree = "<group>";
		};
		9519B04F29087C8600504B03 /* Utils */ = {
			isa = PBXGroup;
			children = (
				95170550290ACB3E008C137F /* Fonts */,
				952BCF80290981B30046FB02 /* Animations */,
				952BCF7229094A820046FB02 /* Extensions.swift */,
			);
			path = Utils;
			sourceTree = "<group>";
		};
		9519B05029087C8E00504B03 /* Main */ = {
			isa = PBXGroup;
			children = (
				9595C4602908343C004726AD /* ContentView.swift */,
				95F1CD32290EDC61000A3080 /* AppView.swift */,
			);
			path = Main;
			sourceTree = "<group>";
		};
		9519B05329087E0900504B03 /* Enums */ = {
			isa = PBXGroup;
			children = (
				9519B05429087E1800504B03 /* LoginOption.swift */,
				952BCF70290949D50046FB02 /* AuthentificationType.swift */,
				95F1CD37290EDCFA000A3080 /* Tab.swift */,
				951DBBF12910394C00FAB2E3 /* BottomSheetPositions.swift */,
				951DBBF32910431700FAB2E3 /* PLanguages.swift */,
			);
			path = Enums;
			sourceTree = "<group>";
		};
		951CC6E129241B4800096222 /* Bubbles */ = {
			isa = PBXGroup;
			children = (
				951CC6DD2924191E00096222 /* ContinueBubble.swift */,
				951CC6DF29241B4300096222 /* DataEditorInputBubble.swift */,
				9545E4132924ADCD009579BA /* ChooseLanguageButton.swift */,
			);
			path = Bubbles;
			sourceTree = "<group>";
		};
		951DBBF52910460100FAB2E3 /* Projects */ = {
			isa = PBXGroup;
			children = (
				95DB57E02931F96D00B7E7A8 /* UOProject.swift */,
			);
			path = Projects;
			sourceTree = "<group>";
		};
		951DC334295D9F60008010E2 /* MessageBubble */ = {
			isa = PBXGroup;
			children = (
				951DC336295D9FAF008010E2 /* MessageBubble.swift */,
				951DC338295DBD4C008010E2 /* BubblePathForm.swift */,
			);
			path = MessageBubble;
			sourceTree = "<group>";
		};
		951DC335295D9F7E008010E2 /* MainView */ = {
			isa = PBXGroup;
			children = (
				95810E88295CED9700FA4D84 /* ChatMessageTyper.swift */,
			);
			path = MainView;
			sourceTree = "<group>";
		};
		95208EC8295733080083F85D /* MainView */ = {
			isa = PBXGroup;
			children = (
				95F1CD3B290EE57B000A3080 /* ChatsTableView.swift */,
				95208ECB2957333B0083F85D /* ChatCell.swift */,
				95208ECD295734960083F85D /* Chat.swift */,
			);
			path = MainView;
			sourceTree = "<group>";
		};
		9526C7A0291441C50005C285 /* Data Editor */ = {
			isa = PBXGroup;
			children = (
				951CC6E129241B4800096222 /* Bubbles */,
				9526C7A1291441E60005C285 /* DataEditor.swift */,
				9545E4152924B158009579BA /* LanguagePicker.swift */,
			);
			path = "Data Editor";
			sourceTree = "<group>";
		};
		952BCF762909680F0046FB02 /* Bubbles */ = {
			isa = PBXGroup;
			children = (
				952BCF7429095A7D0046FB02 /* SecuredDataBubble.swift */,
				9595C476290834EB004726AD /* DataBubble.swift */,
				952BCF78290968380046FB02 /* LoginBubble.swift */,
				9513670F2909C9CE00FD7C78 /* RegisterBubble.swift */,
			);
			path = Bubbles;
			sourceTree = "<group>";
		};
		952BCF80290981B30046FB02 /* Animations */ = {
			isa = PBXGroup;
			children = (
				952BCF8B290989B00046FB02 /* progress.json */,
				952BCF87290981F90046FB02 /* macOnMatrix.json */,
				952BCF85290981EA0046FB02 /* dragToGithub.json */,
				95170551290AD634008C137F /* githubLogoWhite.json */,
				952BCF83290981DA0046FB02 /* githubLogo.json */,
			);
			path = Animations;
			sourceTree = "<group>";
		};
		954D9183295A1CB700A22259 /* CorrespondenceView */ = {
			isa = PBXGroup;
			children = (
				951DC335295D9F7E008010E2 /* MainView */,
				951DC334295D9F60008010E2 /* MessageBubble */,
			);
			path = CorrespondenceView;
			sourceTree = "<group>";
		};
		9595C4522908343C004726AD = {
			isa = PBXGroup;
			children = (
				9595C45D2908343C004726AD /* Coda */,
				9595C45C2908343C004726AD /* Products */,
			);
			sourceTree = "<group>";
		};
		9595C45C2908343C004726AD /* Products */ = {
			isa = PBXGroup;
			children = (
				9595C45B2908343C004726AD /* Coda.app */,
			);
			name = Products;
			sourceTree = "<group>";
		};
		9595C45D2908343C004726AD /* Coda */ = {
			isa = PBXGroup;
			children = (
				952BCF7C290976DA0046FB02 /* Info.plist */,
				9595C47C290838C0004726AD /* GoogleService-Info.plist */,
				9595C45E2908343C004726AD /* CodaApp.swift */,
				95E5EC91297DD17E00C82946 /* ViewModels */,
				9595C46C29083452004726AD /* Models */,
				9595C46D29083459004726AD /* Views */,
				9519B04F29087C8600504B03 /* Utils */,
				9595C4622908343D004726AD /* Assets.xcassets */,
				9595C4642908343D004726AD /* Preview Content */,
			);
			path = Coda;
			sourceTree = "<group>";
		};
		9595C4642908343D004726AD /* Preview Content */ = {
			isa = PBXGroup;
			children = (
				9595C4652908343D004726AD /* Preview Assets.xcassets */,
			);
			path = "Preview Content";
			sourceTree = "<group>";
		};
		9595C46C29083452004726AD /* Models */ = {
			isa = PBXGroup;
			children = (
				9526C79E29143FA90005C285 /* FSManager.swift */,
				9519B05329087E0900504B03 /* Enums */,
				95E5EC96297DD19700C82946 /* NewsArticles */,
				951DBBF52910460100FAB2E3 /* Projects */,
				95E5EC9F297DD1DC00C82946 /* AppStuff */,
				95E5ECA0297DD1F100C82946 /* Image */,
				95E5ECA1297DD20100C82946 /* Haptic */,
			);
			path = Models;
			sourceTree = "<group>";
		};
		9595C46D29083459004726AD /* Views */ = {
			isa = PBXGroup;
			children = (
				9519B05029087C8E00504B03 /* Main */,
				9595C473290834C3004726AD /* Additions */,
				951367112909D59E00FD7C78 /* Components */,
			);
			path = Views;
			sourceTree = "<group>";
		};
		9595C473290834C3004726AD /* Additions */ = {
			isa = PBXGroup;
			children = (
				95AA82792919B21600B7975C /* ImageCropper.swift */,
				95AA82772919A4AD00B7975C /* ImagePicker.swift */,
				952BCF89290982CF0046FB02 /* LottieView.swift */,
				95E5ECAA297DE2B100C82946 /* SafariView.swift */,
				9526C7A0291441C50005C285 /* Data Editor */,
				95F1CD34290EDC6C000A3080 /* TabBar */,
				9595C475290834D6004726AD /* Registration Page */,
				37C713F9E592C35860CB69E3 /* Profile Page */,
				37C719752794896027422A4B /* Chat Page */,
				37C71BAF8FA3D455BEBC909E /* Explore Page */,
				37C7196612639077BE828FD5 /* Home Page */,
			);
			path = Additions;
			sourceTree = "<group>";
		};
		9595C475290834D6004726AD /* Registration Page */ = {
			isa = PBXGroup;
			children = (
				9595C47A29083529004726AD /* RegistrationPageMain.swift */,
				9595C47829083505004726AD /* InputSheet.swift */,
				952BCF7A2909750F0046FB02 /* GitHubLoginButton.swift */,
				952BCF762909680F0046FB02 /* Bubbles */,
			);
			path = "Registration Page";
			sourceTree = "<group>";
		};
		95C472362928F94B0084C60A /* Profile Settings */ = {
			isa = PBXGroup;
			children = (
				95C472372928F9690084C60A /* ProfileSettingsMain.swift */,
				95084A8A29324AF200D8EC96 /* ProjectEditor.swift */,
			);
			path = "Profile Settings";
			sourceTree = "<group>";
		};
		95E5EC91297DD17E00C82946 /* ViewModels */ = {
			isa = PBXGroup;
			children = (
				95E5EC92297DD17E00C82946 /* SourcesViewModel.swift */,
				95E5EC93297DD17E00C82946 /* ArticlesViewModel.swift */,
			);
			path = ViewModels;
			sourceTree = "<group>";
		};
		95E5EC96297DD19700C82946 /* NewsArticles */ = {
			isa = PBXGroup;
			children = (
				95E5EC97297DD19700C82946 /* NewsError.swift */,
				95E5EC98297DD19700C82946 /* NewsImageLoader+Cacher.swift */,
				95E5EC99297DD19700C82946 /* Articles.swift */,
				95E5EC9A297DD19700C82946 /* NewsAPI.swift */,
			);
			path = NewsArticles;
			sourceTree = "<group>";
		};
		95E5EC9F297DD1DC00C82946 /* AppStuff */ = {
			isa = PBXGroup;
			children = (
				95255C96294393550050EB22 /* ViewOffsetKey.swift */,
				9519B05129087DBA00504B03 /* AuthentificationState.swift */,
				957B9B5129520CBE00BFA814 /* AppConfiguration.swift */,
				37C715763F3521CCCF09C230 /* TabItem.swift */,
			);
			path = AppStuff;
			sourceTree = "<group>";
		};
		95E5ECA0297DD1F100C82946 /* Image */ = {
			isa = PBXGroup;
			children = (
				954ADF48291FC237001300EA /* ImageCache.swift */,
				954ADF46291FBFFF001300EA /* CachedImageModel.swift */,
				953E5F382950FA64006810CC /* ImageSaver.swift */,
			);
			path = Image;
			sourceTree = "<group>";
		};
		95E5ECA1297DD20100C82946 /* Haptic */ = {
			isa = PBXGroup;
			children = (
				95F0FD8C295375E100648213 /* Vibro.swift */,
			);
			path = Haptic;
			sourceTree = "<group>";
		};
		95E5ECA2297DD42500C82946 /* News */ = {
			isa = PBXGroup;
			children = (
				95E5ECA4297DDFE600C82946 /* ArticleImageAsync.swift */,
				95E5ECA3297DDFE600C82946 /* ArticlePostView.swift */,
				95E5ECA8297DE01000C82946 /* NewsViewMain.swift */,
			);
			path = News;
			sourceTree = "<group>";
		};
		95F1CD34290EDC6C000A3080 /* TabBar */ = {
			isa = PBXGroup;
			children = (
				95F1CD35290EDC8D000A3080 /* CodaTabBar.swift */,
			);
			path = TabBar;
			sourceTree = "<group>";
		};
		95F59ACF2944759200483108 /* Profile post */ = {
			isa = PBXGroup;
			children = (
				956EEC4D29464865006C7895 /* PostCreator.swift */,
				956EEC4F29464A03006C7895 /* PostEditor.swift */,
				953AEBFE294A30D600170772 /* PostView.swift */,
				95680B942951C19300DFD85A /* PostRedactor.swift */,
			);
			path = "Profile post";
			sourceTree = "<group>";
		};
		95FE8736293E3C2B001896F0 /* Profile Main */ = {
			isa = PBXGroup;
			children = (
				95F1CD39290EE573000A3080 /* ProfileView.swift */,
				951DBBEC291034B700FAB2E3 /* ProfileSheet.swift */,
				95C4723B2928FE8B0084C60A /* MoreInfoSheet.swift */,
			);
			path = "Profile Main";
			sourceTree = "<group>";
		};
/* End PBXGroup section */

/* Begin PBXNativeTarget section */
		9595C45A2908343C004726AD /* Coda */ = {
			isa = PBXNativeTarget;
			buildConfigurationList = 9595C4692908343D004726AD /* Build configuration list for PBXNativeTarget "Coda" */;
			buildPhases = (
				9595C4572908343C004726AD /* Sources */,
				9595C4582908343C004726AD /* Frameworks */,
				9595C4592908343C004726AD /* Resources */,
			);
			buildRules = (
			);
			dependencies = (
			);
			name = Coda;
			packageProductDependencies = (
				95450D6B295BABC500B64C65 /* Lottie */,
				95450D74295BAC7200B64C65 /* FirebaseAnalytics */,
				95450D76295BAC7200B64C65 /* FirebaseAuth */,
				95450D78295BAC7200B64C65 /* FirebaseAuthCombine-Community */,
				95450D7A295BAC7200B64C65 /* FirebaseDatabase */,
				95450D7C295BAC7200B64C65 /* FirebaseDatabaseSwift */,
				95450D7E295BAC7200B64C65 /* FirebaseFirestore */,
				95450D80295BAC7200B64C65 /* FirebaseFirestoreCombine-Community */,
				95450D82295BAC7200B64C65 /* FirebaseFirestoreSwift */,
				95450D84295BAC7200B64C65 /* FirebaseStorage */,
				95450D86295BAC7200B64C65 /* FirebaseStorageCombine-Community */,
				95810E83295CD4C400FA4D84 /* Cachy */,
				95810E86295CD55000FA4D84 /* BottomSheet */,
				95F5A73F296453B1009639FE /* Introspect */,
				95F5CA46297B3CFC00532957 /* Kingfisher */,
				95D814D0297C6DBC00BBAE02 /* MultilineTextField */,
			);
			productName = Coda;
			productReference = 9595C45B2908343C004726AD /* Coda.app */;
			productType = "com.apple.product-type.application";
		};
/* End PBXNativeTarget section */

/* Begin PBXProject section */
		9595C4532908343C004726AD /* Project object */ = {
			isa = PBXProject;
			attributes = {
				BuildIndependentTargetsInParallel = 1;
				LastSwiftUpdateCheck = 1340;
				LastUpgradeCheck = 1340;
				TargetAttributes = {
					9595C45A2908343C004726AD = {
						CreatedOnToolsVersion = 13.4.1;
					};
				};
			};
			buildConfigurationList = 9595C4562908343C004726AD /* Build configuration list for PBXProject "Coda" */;
			compatibilityVersion = "Xcode 13.0";
			developmentRegion = en;
			hasScannedForEncodings = 0;
			knownRegions = (
				en,
				Base,
			);
			mainGroup = 9595C4522908343C004726AD;
			packageReferences = (
				95450D6A295BABC500B64C65 /* XCRemoteSwiftPackageReference "lottie-ios" */,
				95450D73295BAC7200B64C65 /* XCRemoteSwiftPackageReference "firebase-ios-sdk" */,
				95810E82295CD4C400FA4D84 /* XCRemoteSwiftPackageReference "CachyKit" */,
				95810E85295CD55000FA4D84 /* XCRemoteSwiftPackageReference "BottomSheet" */,
				95F5A73E296453B1009639FE /* XCRemoteSwiftPackageReference "SwiftUI-Introspect" */,
				95F5CA45297B3CFC00532957 /* XCRemoteSwiftPackageReference "Kingfisher" */,
				95D814CF297C6DBB00BBAE02 /* XCRemoteSwiftPackageReference "MultilineTextField" */,
			);
			productRefGroup = 9595C45C2908343C004726AD /* Products */;
			projectDirPath = "";
			projectRoot = "";
			targets = (
				9595C45A2908343C004726AD /* Coda */,
			);
		};
/* End PBXProject section */

/* Begin PBXResourcesBuildPhase section */
		9595C4592908343C004726AD /* Resources */ = {
			isa = PBXResourcesBuildPhase;
			buildActionMask = 2147483647;
			files = (
				9595C4662908343D004726AD /* Preview Assets.xcassets in Resources */,
				95170556290AEEE2008C137F /* RobotoMono-Bold.ttf in Resources */,
				95170552290AD634008C137F /* githubLogoWhite.json in Resources */,
				9595C4632908343D004726AD /* Assets.xcassets in Resources */,
				952BCF8C290989B00046FB02 /* progress.json in Resources */,
				951DBBFB2910611500FAB2E3 /* RobotoMono-SemiBold.ttf in Resources */,
				951DBBF929104A1400FAB2E3 /* RobotoMono-Light.ttf in Resources */,
				952BCF84290981DA0046FB02 /* githubLogo.json in Resources */,
				952BCF86290981EA0046FB02 /* dragToGithub.json in Resources */,
				952BCF88290981F90046FB02 /* macOnMatrix.json in Resources */,
				95170554290AEC3F008C137F /* RobotoMono-Medium.ttf in Resources */,
				9595C47D290838C0004726AD /* GoogleService-Info.plist in Resources */,
			);
			runOnlyForDeploymentPostprocessing = 0;
		};
/* End PBXResourcesBuildPhase section */

/* Begin PBXSourcesBuildPhase section */
		9595C4572908343C004726AD /* Sources */ = {
			isa = PBXSourcesBuildPhase;
			buildActionMask = 2147483647;
			files = (
				9545E4142924ADCD009579BA /* ChooseLanguageButton.swift in Sources */,
				95F1CD36290EDC8D000A3080 /* CodaTabBar.swift in Sources */,
				953AEBFF294A30D600170772 /* PostView.swift in Sources */,
				9595C47929083505004726AD /* InputSheet.swift in Sources */,
				95E5ECA6297DDFE600C82946 /* ArticleImageAsync.swift in Sources */,
				952BCF79290968380046FB02 /* LoginBubble.swift in Sources */,
				95C4723A2928FAB40084C60A /* ProfileActionCell.swift in Sources */,
				9515509E2958CE7400A23D1D /* ChatCachedImageView.swift in Sources */,
				954ADF45291FBF32001300EA /* AvatarImageView.swift in Sources */,
				95680B952951C19300DFD85A /* PostRedactor.swift in Sources */,
				95421D092911914000980E52 /* ProjectCell.swift in Sources */,
				95084A8B29324AF200D8EC96 /* ProjectEditor.swift in Sources */,
				954ADF49291FC237001300EA /* ImageCache.swift in Sources */,
				952BCF7B2909750F0046FB02 /* GitHubLoginButton.swift in Sources */,
				95F1CD3C290EE57B000A3080 /* ChatsTableView.swift in Sources */,
				9595C47B29083529004726AD /* RegistrationPageMain.swift in Sources */,
				95E5EC95297DD17E00C82946 /* ArticlesViewModel.swift in Sources */,
				95F1CD33290EDC61000A3080 /* AppView.swift in Sources */,
				951DBBED291034B700FAB2E3 /* ProfileSheet.swift in Sources */,
				956EEC4E29464865006C7895 /* PostCreator.swift in Sources */,
				9595C477290834EB004726AD /* DataBubble.swift in Sources */,
				95810E89295CED9700FA4D84 /* ChatMessageTyper.swift in Sources */,
				95208ECE295734960083F85D /* Chat.swift in Sources */,
				9519B05529087E1800504B03 /* LoginOption.swift in Sources */,
				95AA827A2919B21600B7975C /* ImageCropper.swift in Sources */,
				95F0FD8D295375E100648213 /* Vibro.swift in Sources */,
				951DBBF22910394C00FAB2E3 /* BottomSheetPositions.swift in Sources */,
				951367102909C9CE00FD7C78 /* RegisterBubble.swift in Sources */,
				9526C7A2291441E60005C285 /* DataEditor.swift in Sources */,
				95F1CD3E290EE586000A3080 /* ExploreView.swift in Sources */,
				95C472382928F9690084C60A /* ProfileSettingsMain.swift in Sources */,
				95E5EC9C297DD19700C82946 /* NewsImageLoader+Cacher.swift in Sources */,
				9595C4612908343C004726AD /* ContentView.swift in Sources */,
				95DB57E12931F96D00B7E7A8 /* UOProject.swift in Sources */,
				951DC337295D9FAF008010E2 /* MessageBubble.swift in Sources */,
				95C4723C2928FE8B0084C60A /* MoreInfoSheet.swift in Sources */,
				95255C97294393550050EB22 /* ViewOffsetKey.swift in Sources */,
				952BCF7329094A820046FB02 /* Extensions.swift in Sources */,
				95E5EC94297DD17E00C82946 /* SourcesViewModel.swift in Sources */,
				952BCF71290949D50046FB02 /* AuthentificationType.swift in Sources */,
				95E5ECA9297DE01000C82946 /* NewsViewMain.swift in Sources */,
				9526C79F29143FA90005C285 /* FSManager.swift in Sources */,
				95208ECC2957333B0083F85D /* ChatCell.swift in Sources */,
				953E5F392950FA64006810CC /* ImageSaver.swift in Sources */,
				95F1CD3A290EE573000A3080 /* ProfileView.swift in Sources */,
				952BCF8A290982CF0046FB02 /* LottieView.swift in Sources */,
				957B9B5229520CBE00BFA814 /* AppConfiguration.swift in Sources */,
				952BCF7529095A7D0046FB02 /* SecuredDataBubble.swift in Sources */,
				951367132909D5B000FD7C78 /* Blur.swift in Sources */,
				95E5EC9E297DD19700C82946 /* NewsAPI.swift in Sources */,
				95E5ECAB297DE2B100C82946 /* SafariView.swift in Sources */,
				951DC339295DBD4C008010E2 /* BubblePathForm.swift in Sources */,
				95AA82782919A4AD00B7975C /* ImagePicker.swift in Sources */,
				95F1CD38290EDCFA000A3080 /* Tab.swift in Sources */,
				95E5EC9D297DD19700C82946 /* Articles.swift in Sources */,
				95E5EC9B297DD19700C82946 /* NewsError.swift in Sources */,
				95E5ECA5297DDFE600C82946 /* ArticlePostView.swift in Sources */,
				951CC6DE2924191E00096222 /* ContinueBubble.swift in Sources */,
				9595C45F2908343C004726AD /* CodaApp.swift in Sources */,
				956EEC5029464A03006C7895 /* PostEditor.swift in Sources */,
				954ADF47291FBFFF001300EA /* CachedImageModel.swift in Sources */,
				9519B05229087DBA00504B03 /* AuthentificationState.swift in Sources */,
				951DBBF42910431700FAB2E3 /* PLanguages.swift in Sources */,
				951CC6E029241B4300096222 /* DataEditorInputBubble.swift in Sources */,
				95F1CD40290EE58F000A3080 /* HomeView.swift in Sources */,
				9545E4162924B158009579BA /* LanguagePicker.swift in Sources */,
				37C71976C935813CE712F5EC /* TabItem.swift in Sources */,
			);
			runOnlyForDeploymentPostprocessing = 0;
		};
/* End PBXSourcesBuildPhase section */

/* Begin XCBuildConfiguration section */
		9595C4672908343D004726AD /* Debug */ = {
			isa = XCBuildConfiguration;
			buildSettings = {
				ALWAYS_SEARCH_USER_PATHS = NO;
				CLANG_ANALYZER_NONNULL = YES;
				CLANG_ANALYZER_NUMBER_OBJECT_CONVERSION = YES_AGGRESSIVE;
				CLANG_CXX_LANGUAGE_STANDARD = "gnu++17";
				CLANG_ENABLE_MODULES = YES;
				CLANG_ENABLE_OBJC_ARC = YES;
				CLANG_ENABLE_OBJC_WEAK = YES;
				CLANG_WARN_BLOCK_CAPTURE_AUTORELEASING = YES;
				CLANG_WARN_BOOL_CONVERSION = YES;
				CLANG_WARN_COMMA = YES;
				CLANG_WARN_CONSTANT_CONVERSION = YES;
				CLANG_WARN_DEPRECATED_OBJC_IMPLEMENTATIONS = YES;
				CLANG_WARN_DIRECT_OBJC_ISA_USAGE = YES_ERROR;
				CLANG_WARN_DOCUMENTATION_COMMENTS = YES;
				CLANG_WARN_EMPTY_BODY = YES;
				CLANG_WARN_ENUM_CONVERSION = YES;
				CLANG_WARN_INFINITE_RECURSION = YES;
				CLANG_WARN_INT_CONVERSION = YES;
				CLANG_WARN_NON_LITERAL_NULL_CONVERSION = YES;
				CLANG_WARN_OBJC_IMPLICIT_RETAIN_SELF = YES;
				CLANG_WARN_OBJC_LITERAL_CONVERSION = YES;
				CLANG_WARN_OBJC_ROOT_CLASS = YES_ERROR;
				CLANG_WARN_QUOTED_INCLUDE_IN_FRAMEWORK_HEADER = YES;
				CLANG_WARN_RANGE_LOOP_ANALYSIS = YES;
				CLANG_WARN_STRICT_PROTOTYPES = YES;
				CLANG_WARN_SUSPICIOUS_MOVE = YES;
				CLANG_WARN_UNGUARDED_AVAILABILITY = YES_AGGRESSIVE;
				CLANG_WARN_UNREACHABLE_CODE = YES;
				CLANG_WARN__DUPLICATE_METHOD_MATCH = YES;
				COPY_PHASE_STRIP = NO;
				DEBUG_INFORMATION_FORMAT = dwarf;
				ENABLE_STRICT_OBJC_MSGSEND = YES;
				ENABLE_TESTABILITY = YES;
				GCC_C_LANGUAGE_STANDARD = gnu11;
				GCC_DYNAMIC_NO_PIC = NO;
				GCC_NO_COMMON_BLOCKS = YES;
				GCC_OPTIMIZATION_LEVEL = 0;
				GCC_PREPROCESSOR_DEFINITIONS = (
					"DEBUG=1",
					"$(inherited)",
				);
				GCC_WARN_64_TO_32_BIT_CONVERSION = YES;
				GCC_WARN_ABOUT_RETURN_TYPE = YES_ERROR;
				GCC_WARN_UNDECLARED_SELECTOR = YES;
				GCC_WARN_UNINITIALIZED_AUTOS = YES_AGGRESSIVE;
				GCC_WARN_UNUSED_FUNCTION = YES;
				GCC_WARN_UNUSED_VARIABLE = YES;
				IPHONEOS_DEPLOYMENT_TARGET = 15.0;
				MTL_ENABLE_DEBUG_INFO = INCLUDE_SOURCE;
				MTL_FAST_MATH = YES;
				ONLY_ACTIVE_ARCH = YES;
				SDKROOT = iphoneos;
				SWIFT_ACTIVE_COMPILATION_CONDITIONS = DEBUG;
				SWIFT_OPTIMIZATION_LEVEL = "-Onone";
			};
			name = Debug;
		};
		9595C4682908343D004726AD /* Release */ = {
			isa = XCBuildConfiguration;
			buildSettings = {
				ALWAYS_SEARCH_USER_PATHS = NO;
				CLANG_ANALYZER_NONNULL = YES;
				CLANG_ANALYZER_NUMBER_OBJECT_CONVERSION = YES_AGGRESSIVE;
				CLANG_CXX_LANGUAGE_STANDARD = "gnu++17";
				CLANG_ENABLE_MODULES = YES;
				CLANG_ENABLE_OBJC_ARC = YES;
				CLANG_ENABLE_OBJC_WEAK = YES;
				CLANG_WARN_BLOCK_CAPTURE_AUTORELEASING = YES;
				CLANG_WARN_BOOL_CONVERSION = YES;
				CLANG_WARN_COMMA = YES;
				CLANG_WARN_CONSTANT_CONVERSION = YES;
				CLANG_WARN_DEPRECATED_OBJC_IMPLEMENTATIONS = YES;
				CLANG_WARN_DIRECT_OBJC_ISA_USAGE = YES_ERROR;
				CLANG_WARN_DOCUMENTATION_COMMENTS = YES;
				CLANG_WARN_EMPTY_BODY = YES;
				CLANG_WARN_ENUM_CONVERSION = YES;
				CLANG_WARN_INFINITE_RECURSION = YES;
				CLANG_WARN_INT_CONVERSION = YES;
				CLANG_WARN_NON_LITERAL_NULL_CONVERSION = YES;
				CLANG_WARN_OBJC_IMPLICIT_RETAIN_SELF = YES;
				CLANG_WARN_OBJC_LITERAL_CONVERSION = YES;
				CLANG_WARN_OBJC_ROOT_CLASS = YES_ERROR;
				CLANG_WARN_QUOTED_INCLUDE_IN_FRAMEWORK_HEADER = YES;
				CLANG_WARN_RANGE_LOOP_ANALYSIS = YES;
				CLANG_WARN_STRICT_PROTOTYPES = YES;
				CLANG_WARN_SUSPICIOUS_MOVE = YES;
				CLANG_WARN_UNGUARDED_AVAILABILITY = YES_AGGRESSIVE;
				CLANG_WARN_UNREACHABLE_CODE = YES;
				CLANG_WARN__DUPLICATE_METHOD_MATCH = YES;
				COPY_PHASE_STRIP = NO;
				DEBUG_INFORMATION_FORMAT = "dwarf-with-dsym";
				ENABLE_NS_ASSERTIONS = NO;
				ENABLE_STRICT_OBJC_MSGSEND = YES;
				GCC_C_LANGUAGE_STANDARD = gnu11;
				GCC_NO_COMMON_BLOCKS = YES;
				GCC_WARN_64_TO_32_BIT_CONVERSION = YES;
				GCC_WARN_ABOUT_RETURN_TYPE = YES_ERROR;
				GCC_WARN_UNDECLARED_SELECTOR = YES;
				GCC_WARN_UNINITIALIZED_AUTOS = YES_AGGRESSIVE;
				GCC_WARN_UNUSED_FUNCTION = YES;
				GCC_WARN_UNUSED_VARIABLE = YES;
				IPHONEOS_DEPLOYMENT_TARGET = 15.0;
				MTL_ENABLE_DEBUG_INFO = NO;
				MTL_FAST_MATH = YES;
				SDKROOT = iphoneos;
				SWIFT_COMPILATION_MODE = wholemodule;
				SWIFT_OPTIMIZATION_LEVEL = "-O";
				VALIDATE_PRODUCT = YES;
			};
			name = Release;
		};
		9595C46A2908343D004726AD /* Debug */ = {
			isa = XCBuildConfiguration;
			buildSettings = {
				ASSETCATALOG_COMPILER_APPICON_NAME = AppIcon;
				ASSETCATALOG_COMPILER_GLOBAL_ACCENT_COLOR_NAME = AccentColor;
				CODE_SIGN_STYLE = Automatic;
				CURRENT_PROJECT_VERSION = 1;
				DEVELOPMENT_ASSET_PATHS = "\"Coda/Preview Content\"";
				DEVELOPMENT_TEAM = WXWB9U632D;
				ENABLE_PREVIEWS = YES;
				GENERATE_INFOPLIST_FILE = YES;
				INFOPLIST_FILE = Coda/Info.plist;
				INFOPLIST_KEY_UIApplicationSceneManifest_Generation = YES;
				INFOPLIST_KEY_UIApplicationSupportsIndirectInputEvents = YES;
				INFOPLIST_KEY_UILaunchScreen_Generation = YES;
				INFOPLIST_KEY_UISupportedInterfaceOrientations_iPad = "UIInterfaceOrientationPortrait UIInterfaceOrientationPortraitUpsideDown UIInterfaceOrientationLandscapeLeft UIInterfaceOrientationLandscapeRight";
				INFOPLIST_KEY_UISupportedInterfaceOrientations_iPhone = "UIInterfaceOrientationPortrait UIInterfaceOrientationLandscapeLeft UIInterfaceOrientationLandscapeRight";
				LD_RUNPATH_SEARCH_PATHS = (
					"$(inherited)",
					"@executable_path/Frameworks",
				);
				MARKETING_VERSION = 1.0;
				PRODUCT_BUNDLE_IDENTIFIER = com.erast.Coda;
				PRODUCT_NAME = "$(TARGET_NAME)";
				SUPPORTED_PLATFORMS = "iphoneos iphonesimulator";
				SUPPORTS_MACCATALYST = NO;
				SUPPORTS_MAC_DESIGNED_FOR_IPHONE_IPAD = NO;
				SWIFT_EMIT_LOC_STRINGS = YES;
				SWIFT_VERSION = 5.0;
				TARGETED_DEVICE_FAMILY = 1;
			};
			name = Debug;
		};
		9595C46B2908343D004726AD /* Release */ = {
			isa = XCBuildConfiguration;
			buildSettings = {
				ASSETCATALOG_COMPILER_APPICON_NAME = AppIcon;
				ASSETCATALOG_COMPILER_GLOBAL_ACCENT_COLOR_NAME = AccentColor;
				CODE_SIGN_STYLE = Automatic;
				CURRENT_PROJECT_VERSION = 1;
				DEVELOPMENT_ASSET_PATHS = "\"Coda/Preview Content\"";
				DEVELOPMENT_TEAM = WXWB9U632D;
				ENABLE_PREVIEWS = YES;
				GENERATE_INFOPLIST_FILE = YES;
				INFOPLIST_FILE = Coda/Info.plist;
				INFOPLIST_KEY_UIApplicationSceneManifest_Generation = YES;
				INFOPLIST_KEY_UIApplicationSupportsIndirectInputEvents = YES;
				INFOPLIST_KEY_UILaunchScreen_Generation = YES;
				INFOPLIST_KEY_UISupportedInterfaceOrientations_iPad = "UIInterfaceOrientationPortrait UIInterfaceOrientationPortraitUpsideDown UIInterfaceOrientationLandscapeLeft UIInterfaceOrientationLandscapeRight";
				INFOPLIST_KEY_UISupportedInterfaceOrientations_iPhone = "UIInterfaceOrientationPortrait UIInterfaceOrientationLandscapeLeft UIInterfaceOrientationLandscapeRight";
				LD_RUNPATH_SEARCH_PATHS = (
					"$(inherited)",
					"@executable_path/Frameworks",
				);
				MARKETING_VERSION = 1.0;
				PRODUCT_BUNDLE_IDENTIFIER = com.erast.Coda;
				PRODUCT_NAME = "$(TARGET_NAME)";
				SUPPORTED_PLATFORMS = "iphoneos iphonesimulator";
				SUPPORTS_MACCATALYST = NO;
				SUPPORTS_MAC_DESIGNED_FOR_IPHONE_IPAD = NO;
				SWIFT_EMIT_LOC_STRINGS = YES;
				SWIFT_VERSION = 5.0;
				TARGETED_DEVICE_FAMILY = 1;
			};
			name = Release;
		};
/* End XCBuildConfiguration section */

/* Begin XCConfigurationList section */
		9595C4562908343C004726AD /* Build configuration list for PBXProject "Coda" */ = {
			isa = XCConfigurationList;
			buildConfigurations = (
				9595C4672908343D004726AD /* Debug */,
				9595C4682908343D004726AD /* Release */,
			);
			defaultConfigurationIsVisible = 0;
			defaultConfigurationName = Release;
		};
		9595C4692908343D004726AD /* Build configuration list for PBXNativeTarget "Coda" */ = {
			isa = XCConfigurationList;
			buildConfigurations = (
				9595C46A2908343D004726AD /* Debug */,
				9595C46B2908343D004726AD /* Release */,
			);
			defaultConfigurationIsVisible = 0;
			defaultConfigurationName = Release;
		};
/* End XCConfigurationList section */

/* Begin XCRemoteSwiftPackageReference section */
		95450D6A295BABC500B64C65 /* XCRemoteSwiftPackageReference "lottie-ios" */ = {
			isa = XCRemoteSwiftPackageReference;
			repositoryURL = "https://github.com/airbnb/lottie-ios.git";
			requirement = {
				kind = upToNextMajorVersion;
				minimumVersion = 4.0.0;
			};
		};
		95450D73295BAC7200B64C65 /* XCRemoteSwiftPackageReference "firebase-ios-sdk" */ = {
			isa = XCRemoteSwiftPackageReference;
			repositoryURL = "https://github.com/firebase/firebase-ios-sdk";
			requirement = {
				kind = upToNextMajorVersion;
				minimumVersion = 9.0.0;
			};
		};
		95810E82295CD4C400FA4D84 /* XCRemoteSwiftPackageReference "CachyKit" */ = {
			isa = XCRemoteSwiftPackageReference;
			repositoryURL = "https://github.com/Sadmansamee/CachyKit";
			requirement = {
				kind = upToNextMajorVersion;
				minimumVersion = 1.0.0;
			};
		};
		95810E85295CD55000FA4D84 /* XCRemoteSwiftPackageReference "BottomSheet" */ = {
			isa = XCRemoteSwiftPackageReference;
			repositoryURL = "https://github.com/Wouter125/BottomSheet?ysclid=l935zwimuh580061758";
			requirement = {
				kind = upToNextMajorVersion;
				minimumVersion = 1.0.0;
			};
		};
		95D814CF297C6DBB00BBAE02 /* XCRemoteSwiftPackageReference "MultilineTextField" */ = {
			isa = XCRemoteSwiftPackageReference;
			repositoryURL = "https://github.com/rlaguilar/MultilineTextField.git";
			requirement = {
				kind = upToNextMajorVersion;
				minimumVersion = 1.0.0;
			};
		};
		95F5A73E296453B1009639FE /* XCRemoteSwiftPackageReference "SwiftUI-Introspect" */ = {
			isa = XCRemoteSwiftPackageReference;
			repositoryURL = "https://github.com/siteline/SwiftUI-Introspect.git";
			requirement = {
				kind = upToNextMajorVersion;
				minimumVersion = 0.1.4;
			};
		};
		95F5CA45297B3CFC00532957 /* XCRemoteSwiftPackageReference "Kingfisher" */ = {
			isa = XCRemoteSwiftPackageReference;
			repositoryURL = "https://github.com/onevcat/Kingfisher.git";
			requirement = {
				kind = upToNextMajorVersion;
				minimumVersion = 7.0.0;
			};
		};
/* End XCRemoteSwiftPackageReference section */

/* Begin XCSwiftPackageProductDependency section */
		95450D6B295BABC500B64C65 /* Lottie */ = {
			isa = XCSwiftPackageProductDependency;
			package = 95450D6A295BABC500B64C65 /* XCRemoteSwiftPackageReference "lottie-ios" */;
			productName = Lottie;
		};
		95450D74295BAC7200B64C65 /* FirebaseAnalytics */ = {
			isa = XCSwiftPackageProductDependency;
			package = 95450D73295BAC7200B64C65 /* XCRemoteSwiftPackageReference "firebase-ios-sdk" */;
			productName = FirebaseAnalytics;
		};
		95450D76295BAC7200B64C65 /* FirebaseAuth */ = {
			isa = XCSwiftPackageProductDependency;
			package = 95450D73295BAC7200B64C65 /* XCRemoteSwiftPackageReference "firebase-ios-sdk" */;
			productName = FirebaseAuth;
		};
		95450D78295BAC7200B64C65 /* FirebaseAuthCombine-Community */ = {
			isa = XCSwiftPackageProductDependency;
			package = 95450D73295BAC7200B64C65 /* XCRemoteSwiftPackageReference "firebase-ios-sdk" */;
			productName = "FirebaseAuthCombine-Community";
		};
		95450D7A295BAC7200B64C65 /* FirebaseDatabase */ = {
			isa = XCSwiftPackageProductDependency;
			package = 95450D73295BAC7200B64C65 /* XCRemoteSwiftPackageReference "firebase-ios-sdk" */;
			productName = FirebaseDatabase;
		};
		95450D7C295BAC7200B64C65 /* FirebaseDatabaseSwift */ = {
			isa = XCSwiftPackageProductDependency;
			package = 95450D73295BAC7200B64C65 /* XCRemoteSwiftPackageReference "firebase-ios-sdk" */;
			productName = FirebaseDatabaseSwift;
		};
		95450D7E295BAC7200B64C65 /* FirebaseFirestore */ = {
			isa = XCSwiftPackageProductDependency;
			package = 95450D73295BAC7200B64C65 /* XCRemoteSwiftPackageReference "firebase-ios-sdk" */;
			productName = FirebaseFirestore;
		};
		95450D80295BAC7200B64C65 /* FirebaseFirestoreCombine-Community */ = {
			isa = XCSwiftPackageProductDependency;
			package = 95450D73295BAC7200B64C65 /* XCRemoteSwiftPackageReference "firebase-ios-sdk" */;
			productName = "FirebaseFirestoreCombine-Community";
		};
		95450D82295BAC7200B64C65 /* FirebaseFirestoreSwift */ = {
			isa = XCSwiftPackageProductDependency;
			package = 95450D73295BAC7200B64C65 /* XCRemoteSwiftPackageReference "firebase-ios-sdk" */;
			productName = FirebaseFirestoreSwift;
		};
		95450D84295BAC7200B64C65 /* FirebaseStorage */ = {
			isa = XCSwiftPackageProductDependency;
			package = 95450D73295BAC7200B64C65 /* XCRemoteSwiftPackageReference "firebase-ios-sdk" */;
			productName = FirebaseStorage;
		};
		95450D86295BAC7200B64C65 /* FirebaseStorageCombine-Community */ = {
			isa = XCSwiftPackageProductDependency;
			package = 95450D73295BAC7200B64C65 /* XCRemoteSwiftPackageReference "firebase-ios-sdk" */;
			productName = "FirebaseStorageCombine-Community";
		};
		95810E83295CD4C400FA4D84 /* Cachy */ = {
			isa = XCSwiftPackageProductDependency;
			package = 95810E82295CD4C400FA4D84 /* XCRemoteSwiftPackageReference "CachyKit" */;
			productName = Cachy;
		};
		95810E86295CD55000FA4D84 /* BottomSheet */ = {
			isa = XCSwiftPackageProductDependency;
			package = 95810E85295CD55000FA4D84 /* XCRemoteSwiftPackageReference "BottomSheet" */;
			productName = BottomSheet;
		};
		95D814D0297C6DBC00BBAE02 /* MultilineTextField */ = {
			isa = XCSwiftPackageProductDependency;
			package = 95D814CF297C6DBB00BBAE02 /* XCRemoteSwiftPackageReference "MultilineTextField" */;
			productName = MultilineTextField;
		};
		95F5A73F296453B1009639FE /* Introspect */ = {
			isa = XCSwiftPackageProductDependency;
			package = 95F5A73E296453B1009639FE /* XCRemoteSwiftPackageReference "SwiftUI-Introspect" */;
			productName = Introspect;
		};
		95F5CA46297B3CFC00532957 /* Kingfisher */ = {
			isa = XCSwiftPackageProductDependency;
			package = 95F5CA45297B3CFC00532957 /* XCRemoteSwiftPackageReference "Kingfisher" */;
			productName = Kingfisher;
		};
/* End XCSwiftPackageProductDependency section */
	};
	rootObject = 9595C4532908343C004726AD /* Project object */;
}
