// !$*UTF8*$!
{
	archiveVersion = 1;
	classes = {
	};
	objectVersion = 55;
	objects = {

/* Begin PBXBuildFile section */
		37C71976C935813CE712F5EC /* TabItem.swift in Sources */ = {isa = PBXBuildFile; fileRef = 37C715763F3521CCCF09C230 /* TabItem.swift */; };
		951367102909C9CE00FD7C78 /* RegisterBubble.swift in Sources */ = {isa = PBXBuildFile; fileRef = 9513670F2909C9CE00FD7C78 /* RegisterBubble.swift */; };
		951367132909D5B000FD7C78 /* Blur.swift in Sources */ = {isa = PBXBuildFile; fileRef = 951367122909D5B000FD7C78 /* Blur.swift */; };
		95170552290AD634008C137F /* githubLogoWhite.json in Resources */ = {isa = PBXBuildFile; fileRef = 95170551290AD634008C137F /* githubLogoWhite.json */; };
		95170554290AEC3F008C137F /* RobotoMono-Medium.ttf in Resources */ = {isa = PBXBuildFile; fileRef = 95170553290AEC3F008C137F /* RobotoMono-Medium.ttf */; };
		95170556290AEEE2008C137F /* RobotoMono-Bold.ttf in Resources */ = {isa = PBXBuildFile; fileRef = 95170555290AEEE2008C137F /* RobotoMono-Bold.ttf */; };
		9519B04A29087C6100504B03 /* FirebaseAuth in Frameworks */ = {isa = PBXBuildFile; productRef = 9519B04929087C6100504B03 /* FirebaseAuth */; };
		9519B04C29087C6100504B03 /* FirebaseFirestore in Frameworks */ = {isa = PBXBuildFile; productRef = 9519B04B29087C6100504B03 /* FirebaseFirestore */; };
		9519B04E29087C6100504B03 /* FirebaseFirestoreSwift in Frameworks */ = {isa = PBXBuildFile; productRef = 9519B04D29087C6100504B03 /* FirebaseFirestoreSwift */; };
		9519B05229087DBA00504B03 /* AuthentificationState.swift in Sources */ = {isa = PBXBuildFile; fileRef = 9519B05129087DBA00504B03 /* AuthentificationState.swift */; };
		9519B05529087E1800504B03 /* LoginOption.swift in Sources */ = {isa = PBXBuildFile; fileRef = 9519B05429087E1800504B03 /* LoginOption.swift */; };
		951DBBED291034B700FAB2E3 /* ProfileSheet.swift in Sources */ = {isa = PBXBuildFile; fileRef = 951DBBEC291034B700FAB2E3 /* ProfileSheet.swift */; };
		951DBBF0291038E500FAB2E3 /* BottomSheet in Frameworks */ = {isa = PBXBuildFile; productRef = 951DBBEF291038E500FAB2E3 /* BottomSheet */; };
		951DBBF22910394C00FAB2E3 /* BottomSheetPositions.swift in Sources */ = {isa = PBXBuildFile; fileRef = 951DBBF12910394C00FAB2E3 /* BottomSheetPositions.swift */; };
		951DBBF42910431700FAB2E3 /* PLanguages.swift in Sources */ = {isa = PBXBuildFile; fileRef = 951DBBF32910431700FAB2E3 /* PLanguages.swift */; };
		951DBBF72910461000FAB2E3 /* Project.swift in Sources */ = {isa = PBXBuildFile; fileRef = 951DBBF62910461000FAB2E3 /* Project.swift */; };
		951DBBF929104A1400FAB2E3 /* RobotoMono-Light.ttf in Resources */ = {isa = PBXBuildFile; fileRef = 951DBBF829104A1400FAB2E3 /* RobotoMono-Light.ttf */; };
		951DBBFB2910611500FAB2E3 /* RobotoMono-SemiBold.ttf in Resources */ = {isa = PBXBuildFile; fileRef = 951DBBFA2910611500FAB2E3 /* RobotoMono-SemiBold.ttf */; };
		952BCF71290949D50046FB02 /* AuthentificationType.swift in Sources */ = {isa = PBXBuildFile; fileRef = 952BCF70290949D50046FB02 /* AuthentificationType.swift */; };
		952BCF7329094A820046FB02 /* Extensions.swift in Sources */ = {isa = PBXBuildFile; fileRef = 952BCF7229094A820046FB02 /* Extensions.swift */; };
		952BCF7529095A7D0046FB02 /* SecuredDataBubble.swift in Sources */ = {isa = PBXBuildFile; fileRef = 952BCF7429095A7D0046FB02 /* SecuredDataBubble.swift */; };
		952BCF79290968380046FB02 /* LoginBubble.swift in Sources */ = {isa = PBXBuildFile; fileRef = 952BCF78290968380046FB02 /* LoginBubble.swift */; };
		952BCF7B2909750F0046FB02 /* GitHubLoginButton.swift in Sources */ = {isa = PBXBuildFile; fileRef = 952BCF7A2909750F0046FB02 /* GitHubLoginButton.swift */; };
		952BCF7F29097C640046FB02 /* Lottie in Frameworks */ = {isa = PBXBuildFile; productRef = 952BCF7E29097C640046FB02 /* Lottie */; };
		952BCF84290981DA0046FB02 /* githubLogo.json in Resources */ = {isa = PBXBuildFile; fileRef = 952BCF83290981DA0046FB02 /* githubLogo.json */; };
		952BCF86290981EA0046FB02 /* dragToGithub.json in Resources */ = {isa = PBXBuildFile; fileRef = 952BCF85290981EA0046FB02 /* dragToGithub.json */; };
		952BCF88290981F90046FB02 /* macOnMatrix.json in Resources */ = {isa = PBXBuildFile; fileRef = 952BCF87290981F90046FB02 /* macOnMatrix.json */; };
		952BCF8A290982CF0046FB02 /* LottieAnimation.swift in Sources */ = {isa = PBXBuildFile; fileRef = 952BCF89290982CF0046FB02 /* LottieAnimation.swift */; };
		952BCF8C290989B00046FB02 /* progress.json in Resources */ = {isa = PBXBuildFile; fileRef = 952BCF8B290989B00046FB02 /* progress.json */; };
		95421D092911914000980E52 /* ProjectCell.swift in Sources */ = {isa = PBXBuildFile; fileRef = 95421D082911914000980E52 /* ProjectCell.swift */; };
		9595C45F2908343C004726AD /* CodaApp.swift in Sources */ = {isa = PBXBuildFile; fileRef = 9595C45E2908343C004726AD /* CodaApp.swift */; };
		9595C4612908343C004726AD /* ContentView.swift in Sources */ = {isa = PBXBuildFile; fileRef = 9595C4602908343C004726AD /* ContentView.swift */; };
		9595C4632908343D004726AD /* Assets.xcassets in Resources */ = {isa = PBXBuildFile; fileRef = 9595C4622908343D004726AD /* Assets.xcassets */; };
		9595C4662908343D004726AD /* Preview Assets.xcassets in Resources */ = {isa = PBXBuildFile; fileRef = 9595C4652908343D004726AD /* Preview Assets.xcassets */; };
		9595C477290834EB004726AD /* DataBubble.swift in Sources */ = {isa = PBXBuildFile; fileRef = 9595C476290834EB004726AD /* DataBubble.swift */; };
		9595C47929083505004726AD /* InputSheet.swift in Sources */ = {isa = PBXBuildFile; fileRef = 9595C47829083505004726AD /* InputSheet.swift */; };
		9595C47B29083529004726AD /* RegistrationPageMain.swift in Sources */ = {isa = PBXBuildFile; fileRef = 9595C47A29083529004726AD /* RegistrationPageMain.swift */; };
		9595C47D290838C0004726AD /* GoogleService-Info.plist in Resources */ = {isa = PBXBuildFile; fileRef = 9595C47C290838C0004726AD /* GoogleService-Info.plist */; };
		95F1CD33290EDC61000A3080 /* AppView.swift in Sources */ = {isa = PBXBuildFile; fileRef = 95F1CD32290EDC61000A3080 /* AppView.swift */; };
		95F1CD36290EDC8D000A3080 /* CodaTabBar.swift in Sources */ = {isa = PBXBuildFile; fileRef = 95F1CD35290EDC8D000A3080 /* CodaTabBar.swift */; };
		95F1CD38290EDCFA000A3080 /* Tab.swift in Sources */ = {isa = PBXBuildFile; fileRef = 95F1CD37290EDCFA000A3080 /* Tab.swift */; };
		95F1CD3A290EE573000A3080 /* ProfileView.swift in Sources */ = {isa = PBXBuildFile; fileRef = 95F1CD39290EE573000A3080 /* ProfileView.swift */; };
		95F1CD3C290EE57B000A3080 /* ChatView.swift in Sources */ = {isa = PBXBuildFile; fileRef = 95F1CD3B290EE57B000A3080 /* ChatView.swift */; };
		95F1CD3E290EE586000A3080 /* SearchView.swift in Sources */ = {isa = PBXBuildFile; fileRef = 95F1CD3D290EE586000A3080 /* SearchView.swift */; };
		95F1CD40290EE58F000A3080 /* HomeView.swift in Sources */ = {isa = PBXBuildFile; fileRef = 95F1CD3F290EE58F000A3080 /* HomeView.swift */; };
/* End PBXBuildFile section */

/* Begin PBXFileReference section */
		37C715763F3521CCCF09C230 /* TabItem.swift */ = {isa = PBXFileReference; fileEncoding = 4; lastKnownFileType = sourcecode.swift; path = TabItem.swift; sourceTree = "<group>"; };
		9513670F2909C9CE00FD7C78 /* RegisterBubble.swift */ = {isa = PBXFileReference; lastKnownFileType = sourcecode.swift; path = RegisterBubble.swift; sourceTree = "<group>"; };
		951367122909D5B000FD7C78 /* Blur.swift */ = {isa = PBXFileReference; lastKnownFileType = sourcecode.swift; path = Blur.swift; sourceTree = "<group>"; };
		95170551290AD634008C137F /* githubLogoWhite.json */ = {isa = PBXFileReference; fileEncoding = 4; lastKnownFileType = text.json; path = githubLogoWhite.json; sourceTree = "<group>"; };
		95170553290AEC3F008C137F /* RobotoMono-Medium.ttf */ = {isa = PBXFileReference; lastKnownFileType = file; path = "RobotoMono-Medium.ttf"; sourceTree = "<group>"; };
		95170555290AEEE2008C137F /* RobotoMono-Bold.ttf */ = {isa = PBXFileReference; lastKnownFileType = file; path = "RobotoMono-Bold.ttf"; sourceTree = "<group>"; };
		9519B05129087DBA00504B03 /* AuthentificationState.swift */ = {isa = PBXFileReference; lastKnownFileType = sourcecode.swift; path = AuthentificationState.swift; sourceTree = "<group>"; };
		9519B05429087E1800504B03 /* LoginOption.swift */ = {isa = PBXFileReference; lastKnownFileType = sourcecode.swift; path = LoginOption.swift; sourceTree = "<group>"; };
		951DBBEC291034B700FAB2E3 /* ProfileSheet.swift */ = {isa = PBXFileReference; lastKnownFileType = sourcecode.swift; path = ProfileSheet.swift; sourceTree = "<group>"; };
		951DBBF12910394C00FAB2E3 /* BottomSheetPositions.swift */ = {isa = PBXFileReference; lastKnownFileType = sourcecode.swift; path = BottomSheetPositions.swift; sourceTree = "<group>"; };
		951DBBF32910431700FAB2E3 /* PLanguages.swift */ = {isa = PBXFileReference; lastKnownFileType = sourcecode.swift; path = PLanguages.swift; sourceTree = "<group>"; };
		951DBBF62910461000FAB2E3 /* Project.swift */ = {isa = PBXFileReference; lastKnownFileType = sourcecode.swift; path = Project.swift; sourceTree = "<group>"; };
		951DBBF829104A1400FAB2E3 /* RobotoMono-Light.ttf */ = {isa = PBXFileReference; lastKnownFileType = file; path = "RobotoMono-Light.ttf"; sourceTree = "<group>"; };
		951DBBFA2910611500FAB2E3 /* RobotoMono-SemiBold.ttf */ = {isa = PBXFileReference; lastKnownFileType = file; path = "RobotoMono-SemiBold.ttf"; sourceTree = "<group>"; };
		952BCF70290949D50046FB02 /* AuthentificationType.swift */ = {isa = PBXFileReference; lastKnownFileType = sourcecode.swift; path = AuthentificationType.swift; sourceTree = "<group>"; };
		952BCF7229094A820046FB02 /* Extensions.swift */ = {isa = PBXFileReference; lastKnownFileType = sourcecode.swift; path = Extensions.swift; sourceTree = "<group>"; };
		952BCF7429095A7D0046FB02 /* SecuredDataBubble.swift */ = {isa = PBXFileReference; lastKnownFileType = sourcecode.swift; path = SecuredDataBubble.swift; sourceTree = "<group>"; };
		952BCF78290968380046FB02 /* LoginBubble.swift */ = {isa = PBXFileReference; lastKnownFileType = sourcecode.swift; path = LoginBubble.swift; sourceTree = "<group>"; };
		952BCF7A2909750F0046FB02 /* GitHubLoginButton.swift */ = {isa = PBXFileReference; lastKnownFileType = sourcecode.swift; path = GitHubLoginButton.swift; sourceTree = "<group>"; };
		952BCF7C290976DA0046FB02 /* Info.plist */ = {isa = PBXFileReference; lastKnownFileType = text.plist; path = Info.plist; sourceTree = "<group>"; };
		952BCF83290981DA0046FB02 /* githubLogo.json */ = {isa = PBXFileReference; fileEncoding = 4; lastKnownFileType = text.json; path = githubLogo.json; sourceTree = "<group>"; };
		952BCF85290981EA0046FB02 /* dragToGithub.json */ = {isa = PBXFileReference; fileEncoding = 4; lastKnownFileType = text.json; path = dragToGithub.json; sourceTree = "<group>"; };
		952BCF87290981F90046FB02 /* macOnMatrix.json */ = {isa = PBXFileReference; fileEncoding = 4; lastKnownFileType = text.json; path = macOnMatrix.json; sourceTree = "<group>"; };
		952BCF89290982CF0046FB02 /* LottieAnimation.swift */ = {isa = PBXFileReference; lastKnownFileType = sourcecode.swift; path = LottieAnimation.swift; sourceTree = "<group>"; };
		952BCF8B290989B00046FB02 /* progress.json */ = {isa = PBXFileReference; fileEncoding = 4; lastKnownFileType = text.json; path = progress.json; sourceTree = "<group>"; };
		95421D082911914000980E52 /* ProjectCell.swift */ = {isa = PBXFileReference; lastKnownFileType = sourcecode.swift; path = ProjectCell.swift; sourceTree = "<group>"; };
		9595C45B2908343C004726AD /* Coda.app */ = {isa = PBXFileReference; explicitFileType = wrapper.application; includeInIndex = 0; path = Coda.app; sourceTree = BUILT_PRODUCTS_DIR; };
		9595C45E2908343C004726AD /* CodaApp.swift */ = {isa = PBXFileReference; lastKnownFileType = sourcecode.swift; path = CodaApp.swift; sourceTree = "<group>"; };
		9595C4602908343C004726AD /* ContentView.swift */ = {isa = PBXFileReference; lastKnownFileType = sourcecode.swift; path = ContentView.swift; sourceTree = "<group>"; };
		9595C4622908343D004726AD /* Assets.xcassets */ = {isa = PBXFileReference; lastKnownFileType = folder.assetcatalog; path = Assets.xcassets; sourceTree = "<group>"; };
		9595C4652908343D004726AD /* Preview Assets.xcassets */ = {isa = PBXFileReference; lastKnownFileType = folder.assetcatalog; path = "Preview Assets.xcassets"; sourceTree = "<group>"; };
		9595C476290834EB004726AD /* DataBubble.swift */ = {isa = PBXFileReference; lastKnownFileType = sourcecode.swift; path = DataBubble.swift; sourceTree = "<group>"; };
		9595C47829083505004726AD /* InputSheet.swift */ = {isa = PBXFileReference; lastKnownFileType = sourcecode.swift; path = InputSheet.swift; sourceTree = "<group>"; };
		9595C47A29083529004726AD /* RegistrationPageMain.swift */ = {isa = PBXFileReference; lastKnownFileType = sourcecode.swift; path = RegistrationPageMain.swift; sourceTree = "<group>"; };
		9595C47C290838C0004726AD /* GoogleService-Info.plist */ = {isa = PBXFileReference; fileEncoding = 4; lastKnownFileType = text.plist.xml; path = "GoogleService-Info.plist"; sourceTree = "<group>"; };
		95F1CD32290EDC61000A3080 /* AppView.swift */ = {isa = PBXFileReference; lastKnownFileType = sourcecode.swift; path = AppView.swift; sourceTree = "<group>"; };
		95F1CD35290EDC8D000A3080 /* CodaTabBar.swift */ = {isa = PBXFileReference; lastKnownFileType = sourcecode.swift; path = CodaTabBar.swift; sourceTree = "<group>"; };
		95F1CD37290EDCFA000A3080 /* Tab.swift */ = {isa = PBXFileReference; lastKnownFileType = sourcecode.swift; path = Tab.swift; sourceTree = "<group>"; };
		95F1CD39290EE573000A3080 /* ProfileView.swift */ = {isa = PBXFileReference; lastKnownFileType = sourcecode.swift; path = ProfileView.swift; sourceTree = "<group>"; };
		95F1CD3B290EE57B000A3080 /* ChatView.swift */ = {isa = PBXFileReference; lastKnownFileType = sourcecode.swift; path = ChatView.swift; sourceTree = "<group>"; };
		95F1CD3D290EE586000A3080 /* SearchView.swift */ = {isa = PBXFileReference; lastKnownFileType = sourcecode.swift; path = SearchView.swift; sourceTree = "<group>"; };
		95F1CD3F290EE58F000A3080 /* HomeView.swift */ = {isa = PBXFileReference; lastKnownFileType = sourcecode.swift; path = HomeView.swift; sourceTree = "<group>"; };
/* End PBXFileReference section */

/* Begin PBXFrameworksBuildPhase section */
		9595C4582908343C004726AD /* Frameworks */ = {
			isa = PBXFrameworksBuildPhase;
			buildActionMask = 2147483647;
			files = (
				951DBBF0291038E500FAB2E3 /* BottomSheet in Frameworks */,
				9519B04A29087C6100504B03 /* FirebaseAuth in Frameworks */,
				9519B04C29087C6100504B03 /* FirebaseFirestore in Frameworks */,
				9519B04E29087C6100504B03 /* FirebaseFirestoreSwift in Frameworks */,
				952BCF7F29097C640046FB02 /* Lottie in Frameworks */,
			);
			runOnlyForDeploymentPostprocessing = 0;
		};
/* End PBXFrameworksBuildPhase section */

/* Begin PBXGroup section */
		37C713F9E592C35860CB69E3 /* Profile Page */ = {
			isa = PBXGroup;
			children = (
				95F1CD39290EE573000A3080 /* ProfileView.swift */,
				951DBBEC291034B700FAB2E3 /* ProfileSheet.swift */,
				95421D082911914000980E52 /* ProjectCell.swift */,
			);
			path = "Profile Page";
			sourceTree = "<group>";
		};
		37C7196612639077BE828FD5 /* Home Page */ = {
			isa = PBXGroup;
			children = (
				95F1CD3F290EE58F000A3080 /* HomeView.swift */,
			);
			path = "Home Page";
			sourceTree = "<group>";
		};
		37C719752794896027422A4B /* Chat Page */ = {
			isa = PBXGroup;
			children = (
				95F1CD3B290EE57B000A3080 /* ChatView.swift */,
			);
			path = "Chat Page";
			sourceTree = "<group>";
		};
		37C71BAF8FA3D455BEBC909E /* Search Page */ = {
			isa = PBXGroup;
			children = (
				95F1CD3D290EE586000A3080 /* SearchView.swift */,
			);
			path = "Search Page";
			sourceTree = "<group>";
		};
		951367112909D59E00FD7C78 /* Components */ = {
			isa = PBXGroup;
			children = (
				951367122909D5B000FD7C78 /* Blur.swift */,
			);
			path = Components;
			sourceTree = "<group>";
		};
		95170550290ACB3E008C137F /* Fonts */ = {
			isa = PBXGroup;
			children = (
				951DBBFA2910611500FAB2E3 /* RobotoMono-SemiBold.ttf */,
				951DBBF829104A1400FAB2E3 /* RobotoMono-Light.ttf */,
				95170553290AEC3F008C137F /* RobotoMono-Medium.ttf */,
				95170555290AEEE2008C137F /* RobotoMono-Bold.ttf */,
			);
			path = Fonts;
			sourceTree = "<group>";
		};
		9519B04F29087C8600504B03 /* Utils */ = {
			isa = PBXGroup;
			children = (
				95170550290ACB3E008C137F /* Fonts */,
				952BCF80290981B30046FB02 /* Animations */,
				952BCF7229094A820046FB02 /* Extensions.swift */,
			);
			path = Utils;
			sourceTree = "<group>";
		};
		9519B05029087C8E00504B03 /* Main */ = {
			isa = PBXGroup;
			children = (
				9595C4602908343C004726AD /* ContentView.swift */,
				95F1CD32290EDC61000A3080 /* AppView.swift */,
			);
			path = Main;
			sourceTree = "<group>";
		};
		9519B05329087E0900504B03 /* Enums */ = {
			isa = PBXGroup;
			children = (
				9519B05429087E1800504B03 /* LoginOption.swift */,
				952BCF70290949D50046FB02 /* AuthentificationType.swift */,
				95F1CD37290EDCFA000A3080 /* Tab.swift */,
				951DBBF12910394C00FAB2E3 /* BottomSheetPositions.swift */,
				951DBBF32910431700FAB2E3 /* PLanguages.swift */,
			);
			path = Enums;
			sourceTree = "<group>";
		};
		951DBBF52910460100FAB2E3 /* Projects */ = {
			isa = PBXGroup;
			children = (
				951DBBF62910461000FAB2E3 /* Project.swift */,
			);
			path = Projects;
			sourceTree = "<group>";
		};
		952BCF762909680F0046FB02 /* Bubbles */ = {
			isa = PBXGroup;
			children = (
				9595C476290834EB004726AD /* DataBubble.swift */,
				952BCF7429095A7D0046FB02 /* SecuredDataBubble.swift */,
				952BCF78290968380046FB02 /* LoginBubble.swift */,
				9513670F2909C9CE00FD7C78 /* RegisterBubble.swift */,
			);
			path = Bubbles;
			sourceTree = "<group>";
		};
		952BCF80290981B30046FB02 /* Animations */ = {
			isa = PBXGroup;
			children = (
				952BCF8B290989B00046FB02 /* progress.json */,
				952BCF87290981F90046FB02 /* macOnMatrix.json */,
				952BCF85290981EA0046FB02 /* dragToGithub.json */,
				95170551290AD634008C137F /* githubLogoWhite.json */,
				952BCF83290981DA0046FB02 /* githubLogo.json */,
			);
			path = Animations;
			sourceTree = "<group>";
		};
		9595C4522908343C004726AD = {
			isa = PBXGroup;
			children = (
				9595C45D2908343C004726AD /* Coda */,
				9595C45C2908343C004726AD /* Products */,
			);
			sourceTree = "<group>";
		};
		9595C45C2908343C004726AD /* Products */ = {
			isa = PBXGroup;
			children = (
				9595C45B2908343C004726AD /* Coda.app */,
			);
			name = Products;
			sourceTree = "<group>";
		};
		9595C45D2908343C004726AD /* Coda */ = {
			isa = PBXGroup;
			children = (
				952BCF7C290976DA0046FB02 /* Info.plist */,
				9595C47C290838C0004726AD /* GoogleService-Info.plist */,
				9595C45E2908343C004726AD /* CodaApp.swift */,
				9595C46C29083452004726AD /* Models */,
				9595C46D29083459004726AD /* Views */,
				9519B04F29087C8600504B03 /* Utils */,
				9595C4622908343D004726AD /* Assets.xcassets */,
				9595C4642908343D004726AD /* Preview Content */,
			);
			path = Coda;
			sourceTree = "<group>";
		};
		9595C4642908343D004726AD /* Preview Content */ = {
			isa = PBXGroup;
			children = (
				9595C4652908343D004726AD /* Preview Assets.xcassets */,
			);
			path = "Preview Content";
			sourceTree = "<group>";
		};
		9595C46C29083452004726AD /* Models */ = {
			isa = PBXGroup;
			children = (
				951DBBF52910460100FAB2E3 /* Projects */,
				9519B05329087E0900504B03 /* Enums */,
				9519B05129087DBA00504B03 /* AuthentificationState.swift */,
				37C715763F3521CCCF09C230 /* TabItem.swift */,
			);
			path = Models;
			sourceTree = "<group>";
		};
		9595C46D29083459004726AD /* Views */ = {
			isa = PBXGroup;
			children = (
				9519B05029087C8E00504B03 /* Main */,
				9595C473290834C3004726AD /* Additions */,
				951367112909D59E00FD7C78 /* Components */,
			);
			path = Views;
			sourceTree = "<group>";
		};
		9595C473290834C3004726AD /* Additions */ = {
			isa = PBXGroup;
			children = (
				952BCF89290982CF0046FB02 /* LottieAnimation.swift */,
				95F1CD34290EDC6C000A3080 /* TabBar */,
				9595C475290834D6004726AD /* Registration Page */,
				37C713F9E592C35860CB69E3 /* Profile Page */,
				37C719752794896027422A4B /* Chat Page */,
				37C71BAF8FA3D455BEBC909E /* Search Page */,
				37C7196612639077BE828FD5 /* Home Page */,
			);
			path = Additions;
			sourceTree = "<group>";
		};
		9595C475290834D6004726AD /* Registration Page */ = {
			isa = PBXGroup;
			children = (
				9595C47A29083529004726AD /* RegistrationPageMain.swift */,
				9595C47829083505004726AD /* InputSheet.swift */,
				952BCF7A2909750F0046FB02 /* GitHubLoginButton.swift */,
				952BCF762909680F0046FB02 /* Bubbles */,
			);
			path = "Registration Page";
			sourceTree = "<group>";
		};
		95F1CD34290EDC6C000A3080 /* TabBar */ = {
			isa = PBXGroup;
			children = (
				95F1CD35290EDC8D000A3080 /* CodaTabBar.swift */,
			);
			path = TabBar;
			sourceTree = "<group>";
		};
/* End PBXGroup section */

/* Begin PBXNativeTarget section */
		9595C45A2908343C004726AD /* Coda */ = {
			isa = PBXNativeTarget;
			buildConfigurationList = 9595C4692908343D004726AD /* Build configuration list for PBXNativeTarget "Coda" */;
			buildPhases = (
				9595C4572908343C004726AD /* Sources */,
				9595C4582908343C004726AD /* Frameworks */,
				9595C4592908343C004726AD /* Resources */,
			);
			buildRules = (
			);
			dependencies = (
			);
			name = Coda;
			packageProductDependencies = (
				9519B04929087C6100504B03 /* FirebaseAuth */,
				9519B04B29087C6100504B03 /* FirebaseFirestore */,
				9519B04D29087C6100504B03 /* FirebaseFirestoreSwift */,
				952BCF7E29097C640046FB02 /* Lottie */,
				951DBBEF291038E500FAB2E3 /* BottomSheet */,
			);
			productName = Coda;
			productReference = 9595C45B2908343C004726AD /* Coda.app */;
			productType = "com.apple.product-type.application";
		};
/* End PBXNativeTarget section */

/* Begin PBXProject section */
		9595C4532908343C004726AD /* Project object */ = {
			isa = PBXProject;
			attributes = {
				BuildIndependentTargetsInParallel = 1;
				LastSwiftUpdateCheck = 1340;
				LastUpgradeCheck = 1340;
				TargetAttributes = {
					9595C45A2908343C004726AD = {
						CreatedOnToolsVersion = 13.4.1;
					};
				};
			};
			buildConfigurationList = 9595C4562908343C004726AD /* Build configuration list for PBXProject "Coda" */;
			compatibilityVersion = "Xcode 13.0";
			developmentRegion = en;
			hasScannedForEncodings = 0;
			knownRegions = (
				en,
				Base,
			);
			mainGroup = 9595C4522908343C004726AD;
			packageReferences = (
				9519B04829087C6100504B03 /* XCRemoteSwiftPackageReference "firebase-ios-sdk" */,
				952BCF7D29097C640046FB02 /* XCRemoteSwiftPackageReference "lottie-ios" */,
				951DBBEE291038E500FAB2E3 /* XCRemoteSwiftPackageReference "BottomSheet" */,
			);
			productRefGroup = 9595C45C2908343C004726AD /* Products */;
			projectDirPath = "";
			projectRoot = "";
			targets = (
				9595C45A2908343C004726AD /* Coda */,
			);
		};
/* End PBXProject section */

/* Begin PBXResourcesBuildPhase section */
		9595C4592908343C004726AD /* Resources */ = {
			isa = PBXResourcesBuildPhase;
			buildActionMask = 2147483647;
			files = (
				9595C4662908343D004726AD /* Preview Assets.xcassets in Resources */,
				95170556290AEEE2008C137F /* RobotoMono-Bold.ttf in Resources */,
				95170552290AD634008C137F /* githubLogoWhite.json in Resources */,
				9595C4632908343D004726AD /* Assets.xcassets in Resources */,
				952BCF8C290989B00046FB02 /* progress.json in Resources */,
				951DBBFB2910611500FAB2E3 /* RobotoMono-SemiBold.ttf in Resources */,
				951DBBF929104A1400FAB2E3 /* RobotoMono-Light.ttf in Resources */,
				952BCF84290981DA0046FB02 /* githubLogo.json in Resources */,
				952BCF86290981EA0046FB02 /* dragToGithub.json in Resources */,
				952BCF88290981F90046FB02 /* macOnMatrix.json in Resources */,
				95170554290AEC3F008C137F /* RobotoMono-Medium.ttf in Resources */,
				9595C47D290838C0004726AD /* GoogleService-Info.plist in Resources */,
			);
			runOnlyForDeploymentPostprocessing = 0;
		};
/* End PBXResourcesBuildPhase section */

/* Begin PBXSourcesBuildPhase section */
		9595C4572908343C004726AD /* Sources */ = {
			isa = PBXSourcesBuildPhase;
			buildActionMask = 2147483647;
			files = (
				95F1CD36290EDC8D000A3080 /* CodaTabBar.swift in Sources */,
				9595C47929083505004726AD /* InputSheet.swift in Sources */,
				952BCF79290968380046FB02 /* LoginBubble.swift in Sources */,
				95421D092911914000980E52 /* ProjectCell.swift in Sources */,
				952BCF7B2909750F0046FB02 /* GitHubLoginButton.swift in Sources */,
				95F1CD3C290EE57B000A3080 /* ChatView.swift in Sources */,
				9595C47B29083529004726AD /* RegistrationPageMain.swift in Sources */,
				95F1CD33290EDC61000A3080 /* AppView.swift in Sources */,
				951DBBED291034B700FAB2E3 /* ProfileSheet.swift in Sources */,
				9595C477290834EB004726AD /* DataBubble.swift in Sources */,
				9519B05529087E1800504B03 /* LoginOption.swift in Sources */,
				951DBBF22910394C00FAB2E3 /* BottomSheetPositions.swift in Sources */,
				951367102909C9CE00FD7C78 /* RegisterBubble.swift in Sources */,
				95F1CD3E290EE586000A3080 /* SearchView.swift in Sources */,
				9595C4612908343C004726AD /* ContentView.swift in Sources */,
				952BCF7329094A820046FB02 /* Extensions.swift in Sources */,
				952BCF71290949D50046FB02 /* AuthentificationType.swift in Sources */,
				95F1CD3A290EE573000A3080 /* ProfileView.swift in Sources */,
				952BCF8A290982CF0046FB02 /* LottieAnimation.swift in Sources */,
				952BCF7529095A7D0046FB02 /* SecuredDataBubble.swift in Sources */,
				951367132909D5B000FD7C78 /* Blur.swift in Sources */,
				95F1CD38290EDCFA000A3080 /* Tab.swift in Sources */,
				9595C45F2908343C004726AD /* CodaApp.swift in Sources */,
				9519B05229087DBA00504B03 /* AuthentificationState.swift in Sources */,
				951DBBF42910431700FAB2E3 /* PLanguages.swift in Sources */,
				95F1CD40290EE58F000A3080 /* HomeView.swift in Sources */,
				37C71976C935813CE712F5EC /* TabItem.swift in Sources */,
				951DBBF72910461000FAB2E3 /* Project.swift in Sources */,
			);
			runOnlyForDeploymentPostprocessing = 0;
		};
/* End PBXSourcesBuildPhase section */

/* Begin XCBuildConfiguration section */
		9595C4672908343D004726AD /* Debug */ = {
			isa = XCBuildConfiguration;
			buildSettings = {
				ALWAYS_SEARCH_USER_PATHS = NO;
				CLANG_ANALYZER_NONNULL = YES;
				CLANG_ANALYZER_NUMBER_OBJECT_CONVERSION = YES_AGGRESSIVE;
				CLANG_CXX_LANGUAGE_STANDARD = "gnu++17";
				CLANG_ENABLE_MODULES = YES;
				CLANG_ENABLE_OBJC_ARC = YES;
				CLANG_ENABLE_OBJC_WEAK = YES;
				CLANG_WARN_BLOCK_CAPTURE_AUTORELEASING = YES;
				CLANG_WARN_BOOL_CONVERSION = YES;
				CLANG_WARN_COMMA = YES;
				CLANG_WARN_CONSTANT_CONVERSION = YES;
				CLANG_WARN_DEPRECATED_OBJC_IMPLEMENTATIONS = YES;
				CLANG_WARN_DIRECT_OBJC_ISA_USAGE = YES_ERROR;
				CLANG_WARN_DOCUMENTATION_COMMENTS = YES;
				CLANG_WARN_EMPTY_BODY = YES;
				CLANG_WARN_ENUM_CONVERSION = YES;
				CLANG_WARN_INFINITE_RECURSION = YES;
				CLANG_WARN_INT_CONVERSION = YES;
				CLANG_WARN_NON_LITERAL_NULL_CONVERSION = YES;
				CLANG_WARN_OBJC_IMPLICIT_RETAIN_SELF = YES;
				CLANG_WARN_OBJC_LITERAL_CONVERSION = YES;
				CLANG_WARN_OBJC_ROOT_CLASS = YES_ERROR;
				CLANG_WARN_QUOTED_INCLUDE_IN_FRAMEWORK_HEADER = YES;
				CLANG_WARN_RANGE_LOOP_ANALYSIS = YES;
				CLANG_WARN_STRICT_PROTOTYPES = YES;
				CLANG_WARN_SUSPICIOUS_MOVE = YES;
				CLANG_WARN_UNGUARDED_AVAILABILITY = YES_AGGRESSIVE;
				CLANG_WARN_UNREACHABLE_CODE = YES;
				CLANG_WARN__DUPLICATE_METHOD_MATCH = YES;
				COPY_PHASE_STRIP = NO;
				DEBUG_INFORMATION_FORMAT = dwarf;
				ENABLE_STRICT_OBJC_MSGSEND = YES;
				ENABLE_TESTABILITY = YES;
				GCC_C_LANGUAGE_STANDARD = gnu11;
				GCC_DYNAMIC_NO_PIC = NO;
				GCC_NO_COMMON_BLOCKS = YES;
				GCC_OPTIMIZATION_LEVEL = 0;
				GCC_PREPROCESSOR_DEFINITIONS = (
					"DEBUG=1",
					"$(inherited)",
				);
				GCC_WARN_64_TO_32_BIT_CONVERSION = YES;
				GCC_WARN_ABOUT_RETURN_TYPE = YES_ERROR;
				GCC_WARN_UNDECLARED_SELECTOR = YES;
				GCC_WARN_UNINITIALIZED_AUTOS = YES_AGGRESSIVE;
				GCC_WARN_UNUSED_FUNCTION = YES;
				GCC_WARN_UNUSED_VARIABLE = YES;
				IPHONEOS_DEPLOYMENT_TARGET = 15.5;
				MTL_ENABLE_DEBUG_INFO = INCLUDE_SOURCE;
				MTL_FAST_MATH = YES;
				ONLY_ACTIVE_ARCH = YES;
				SDKROOT = iphoneos;
				SWIFT_ACTIVE_COMPILATION_CONDITIONS = DEBUG;
				SWIFT_OPTIMIZATION_LEVEL = "-Onone";
			};
			name = Debug;
		};
		9595C4682908343D004726AD /* Release */ = {
			isa = XCBuildConfiguration;
			buildSettings = {
				ALWAYS_SEARCH_USER_PATHS = NO;
				CLANG_ANALYZER_NONNULL = YES;
				CLANG_ANALYZER_NUMBER_OBJECT_CONVERSION = YES_AGGRESSIVE;
				CLANG_CXX_LANGUAGE_STANDARD = "gnu++17";
				CLANG_ENABLE_MODULES = YES;
				CLANG_ENABLE_OBJC_ARC = YES;
				CLANG_ENABLE_OBJC_WEAK = YES;
				CLANG_WARN_BLOCK_CAPTURE_AUTORELEASING = YES;
				CLANG_WARN_BOOL_CONVERSION = YES;
				CLANG_WARN_COMMA = YES;
				CLANG_WARN_CONSTANT_CONVERSION = YES;
				CLANG_WARN_DEPRECATED_OBJC_IMPLEMENTATIONS = YES;
				CLANG_WARN_DIRECT_OBJC_ISA_USAGE = YES_ERROR;
				CLANG_WARN_DOCUMENTATION_COMMENTS = YES;
				CLANG_WARN_EMPTY_BODY = YES;
				CLANG_WARN_ENUM_CONVERSION = YES;
				CLANG_WARN_INFINITE_RECURSION = YES;
				CLANG_WARN_INT_CONVERSION = YES;
				CLANG_WARN_NON_LITERAL_NULL_CONVERSION = YES;
				CLANG_WARN_OBJC_IMPLICIT_RETAIN_SELF = YES;
				CLANG_WARN_OBJC_LITERAL_CONVERSION = YES;
				CLANG_WARN_OBJC_ROOT_CLASS = YES_ERROR;
				CLANG_WARN_QUOTED_INCLUDE_IN_FRAMEWORK_HEADER = YES;
				CLANG_WARN_RANGE_LOOP_ANALYSIS = YES;
				CLANG_WARN_STRICT_PROTOTYPES = YES;
				CLANG_WARN_SUSPICIOUS_MOVE = YES;
				CLANG_WARN_UNGUARDED_AVAILABILITY = YES_AGGRESSIVE;
				CLANG_WARN_UNREACHABLE_CODE = YES;
				CLANG_WARN__DUPLICATE_METHOD_MATCH = YES;
				COPY_PHASE_STRIP = NO;
				DEBUG_INFORMATION_FORMAT = "dwarf-with-dsym";
				ENABLE_NS_ASSERTIONS = NO;
				ENABLE_STRICT_OBJC_MSGSEND = YES;
				GCC_C_LANGUAGE_STANDARD = gnu11;
				GCC_NO_COMMON_BLOCKS = YES;
				GCC_WARN_64_TO_32_BIT_CONVERSION = YES;
				GCC_WARN_ABOUT_RETURN_TYPE = YES_ERROR;
				GCC_WARN_UNDECLARED_SELECTOR = YES;
				GCC_WARN_UNINITIALIZED_AUTOS = YES_AGGRESSIVE;
				GCC_WARN_UNUSED_FUNCTION = YES;
				GCC_WARN_UNUSED_VARIABLE = YES;
				IPHONEOS_DEPLOYMENT_TARGET = 15.5;
				MTL_ENABLE_DEBUG_INFO = NO;
				MTL_FAST_MATH = YES;
				SDKROOT = iphoneos;
				SWIFT_COMPILATION_MODE = wholemodule;
				SWIFT_OPTIMIZATION_LEVEL = "-O";
				VALIDATE_PRODUCT = YES;
			};
			name = Release;
		};
		9595C46A2908343D004726AD /* Debug */ = {
			isa = XCBuildConfiguration;
			buildSettings = {
				ASSETCATALOG_COMPILER_APPICON_NAME = AppIcon;
				ASSETCATALOG_COMPILER_GLOBAL_ACCENT_COLOR_NAME = AccentColor;
				CODE_SIGN_STYLE = Automatic;
				CURRENT_PROJECT_VERSION = 1;
				DEVELOPMENT_ASSET_PATHS = "\"Coda/Preview Content\"";
				DEVELOPMENT_TEAM = WXWB9U632D;
				ENABLE_PREVIEWS = YES;
				GENERATE_INFOPLIST_FILE = YES;
				INFOPLIST_FILE = Coda/Info.plist;
				INFOPLIST_KEY_UIApplicationSceneManifest_Generation = YES;
				INFOPLIST_KEY_UIApplicationSupportsIndirectInputEvents = YES;
				INFOPLIST_KEY_UILaunchScreen_Generation = YES;
				INFOPLIST_KEY_UISupportedInterfaceOrientations_iPad = "UIInterfaceOrientationPortrait UIInterfaceOrientationPortraitUpsideDown UIInterfaceOrientationLandscapeLeft UIInterfaceOrientationLandscapeRight";
				INFOPLIST_KEY_UISupportedInterfaceOrientations_iPhone = "UIInterfaceOrientationPortrait UIInterfaceOrientationLandscapeLeft UIInterfaceOrientationLandscapeRight";
				LD_RUNPATH_SEARCH_PATHS = (
					"$(inherited)",
					"@executable_path/Frameworks",
				);
				MARKETING_VERSION = 1.0;
				PRODUCT_BUNDLE_IDENTIFIER = com.erast.Coda;
				PRODUCT_NAME = "$(TARGET_NAME)";
				SWIFT_EMIT_LOC_STRINGS = YES;
				SWIFT_VERSION = 5.0;
				TARGETED_DEVICE_FAMILY = "1,2";
			};
			name = Debug;
		};
		9595C46B2908343D004726AD /* Release */ = {
			isa = XCBuildConfiguration;
			buildSettings = {
				ASSETCATALOG_COMPILER_APPICON_NAME = AppIcon;
				ASSETCATALOG_COMPILER_GLOBAL_ACCENT_COLOR_NAME = AccentColor;
				CODE_SIGN_STYLE = Automatic;
				CURRENT_PROJECT_VERSION = 1;
				DEVELOPMENT_ASSET_PATHS = "\"Coda/Preview Content\"";
				DEVELOPMENT_TEAM = WXWB9U632D;
				ENABLE_PREVIEWS = YES;
				GENERATE_INFOPLIST_FILE = YES;
				INFOPLIST_FILE = Coda/Info.plist;
				INFOPLIST_KEY_UIApplicationSceneManifest_Generation = YES;
				INFOPLIST_KEY_UIApplicationSupportsIndirectInputEvents = YES;
				INFOPLIST_KEY_UILaunchScreen_Generation = YES;
				INFOPLIST_KEY_UISupportedInterfaceOrientations_iPad = "UIInterfaceOrientationPortrait UIInterfaceOrientationPortraitUpsideDown UIInterfaceOrientationLandscapeLeft UIInterfaceOrientationLandscapeRight";
				INFOPLIST_KEY_UISupportedInterfaceOrientations_iPhone = "UIInterfaceOrientationPortrait UIInterfaceOrientationLandscapeLeft UIInterfaceOrientationLandscapeRight";
				LD_RUNPATH_SEARCH_PATHS = (
					"$(inherited)",
					"@executable_path/Frameworks",
				);
				MARKETING_VERSION = 1.0;
				PRODUCT_BUNDLE_IDENTIFIER = com.erast.Coda;
				PRODUCT_NAME = "$(TARGET_NAME)";
				SWIFT_EMIT_LOC_STRINGS = YES;
				SWIFT_VERSION = 5.0;
				TARGETED_DEVICE_FAMILY = "1,2";
			};
			name = Release;
		};
/* End XCBuildConfiguration section */

/* Begin XCConfigurationList section */
		9595C4562908343C004726AD /* Build configuration list for PBXProject "Coda" */ = {
			isa = XCConfigurationList;
			buildConfigurations = (
				9595C4672908343D004726AD /* Debug */,
				9595C4682908343D004726AD /* Release */,
			);
			defaultConfigurationIsVisible = 0;
			defaultConfigurationName = Release;
		};
		9595C4692908343D004726AD /* Build configuration list for PBXNativeTarget "Coda" */ = {
			isa = XCConfigurationList;
			buildConfigurations = (
				9595C46A2908343D004726AD /* Debug */,
				9595C46B2908343D004726AD /* Release */,
			);
			defaultConfigurationIsVisible = 0;
			defaultConfigurationName = Release;
		};
/* End XCConfigurationList section */

/* Begin XCRemoteSwiftPackageReference section */
		9519B04829087C6100504B03 /* XCRemoteSwiftPackageReference "firebase-ios-sdk" */ = {
			isa = XCRemoteSwiftPackageReference;
			repositoryURL = "https://github.com/firebase/firebase-ios-sdk";
			requirement = {
				kind = upToNextMajorVersion;
				minimumVersion = 9.0.0;
			};
		};
		951DBBEE291038E500FAB2E3 /* XCRemoteSwiftPackageReference "BottomSheet" */ = {
			isa = XCRemoteSwiftPackageReference;
			repositoryURL = "https://github.com/Wouter125/BottomSheet?ysclid=l935zwimuh580061758";
			requirement = {
				kind = upToNextMajorVersion;
				minimumVersion = 1.0.0;
			};
		};
		952BCF7D29097C640046FB02 /* XCRemoteSwiftPackageReference "lottie-ios" */ = {
			isa = XCRemoteSwiftPackageReference;
			repositoryURL = "https://github.com/airbnb/lottie-ios.git";
			requirement = {
				kind = upToNextMajorVersion;
				minimumVersion = 3.0.0;
			};
		};
/* End XCRemoteSwiftPackageReference section */

/* Begin XCSwiftPackageProductDependency section */
		9519B04929087C6100504B03 /* FirebaseAuth */ = {
			isa = XCSwiftPackageProductDependency;
			package = 9519B04829087C6100504B03 /* XCRemoteSwiftPackageReference "firebase-ios-sdk" */;
			productName = FirebaseAuth;
		};
		9519B04B29087C6100504B03 /* FirebaseFirestore */ = {
			isa = XCSwiftPackageProductDependency;
			package = 9519B04829087C6100504B03 /* XCRemoteSwiftPackageReference "firebase-ios-sdk" */;
			productName = FirebaseFirestore;
		};
		9519B04D29087C6100504B03 /* FirebaseFirestoreSwift */ = {
			isa = XCSwiftPackageProductDependency;
			package = 9519B04829087C6100504B03 /* XCRemoteSwiftPackageReference "firebase-ios-sdk" */;
			productName = FirebaseFirestoreSwift;
		};
		951DBBEF291038E500FAB2E3 /* BottomSheet */ = {
			isa = XCSwiftPackageProductDependency;
			package = 951DBBEE291038E500FAB2E3 /* XCRemoteSwiftPackageReference "BottomSheet" */;
			productName = BottomSheet;
		};
		952BCF7E29097C640046FB02 /* Lottie */ = {
			isa = XCSwiftPackageProductDependency;
			package = 952BCF7D29097C640046FB02 /* XCRemoteSwiftPackageReference "lottie-ios" */;
			productName = Lottie;
		};
/* End XCSwiftPackageProductDependency section */
	};
	rootObject = 9595C4532908343C004726AD /* Project object */;
}
